<?xml version="1.0" encoding="UTF-8" standalone="yes" ?>
<CodeBlocks_project_file>
	<FileVersion major="1" minor="6" />
	<Project>
		<Option title="scourge" />
		<Option makefile_is_custom="1" />
		<Option pch_mode="2" />
		<Option compiler="gcc" />
		<Build>
			<Target title="Debug">
				<Option output="../scourge" prefix_auto="1" extension_auto="1" />
				<Option object_output="obj/Debug/" />
				<Option type="1" />
				<Option compiler="gcc" />
				<Option projectCompilerOptionsRelation="1" />
				<Compiler>
					<Add option="-g" />
				</Compiler>
				<MakeCommands>
					<Build command="cd ..; scons debug=true; cd codeblocks" />
					<CompileFile command='echo &quot;Sorry Dave, I cannot do that.&quot;' />
					<Clean command='echo &quot;Sorry Dave, I cannot do that.&quot;' />
					<DistClean command='echo &quot;Sorry Dave, I cannot do that.&quot;' />
				</MakeCommands>
			</Target>
			<Target title="Release">
				<Option output="../scourge" prefix_auto="1" extension_auto="1" />
				<Option object_output="obj/Release/" />
				<Option type="1" />
				<Option compiler="gcc" />
				<Option projectCompilerOptionsRelation="1" />
				<Compiler>
					<Add option="-O2" />
				</Compiler>
				<Linker>
					<Add option="-s" />
				</Linker>
				<MakeCommands>
					<Build command="cd ..; scons; cd codeblocks" />
					<CompileFile command='echo &quot;Sorry Dave, I cannot do that.&quot;' />
					<Clean command='echo &quot;Sorry Dave, I cannot do that.&quot;' />
					<DistClean command='echo &quot;Sorry Dave, I cannot do that.&quot;' />
				</MakeCommands>
			</Target>
			<Target title="Configure">
				<Option output="../scourge" prefix_auto="1" extension_auto="1" />
				<Option object_output="obj/Release/" />
				<Option type="1" />
				<Option compiler="gcc" />
				<Option projectCompilerOptionsRelation="1" />
				<Compiler>
					<Add option="-O2" />
				</Compiler>
				<Linker>
					<Add option="-s" />
				</Linker>
				<MakeCommands>
					<Build command="cd ..; autoreconf -i; ./configure; ./translate.sh; cd codeblocks" />
					<CompileFile command='echo &quot;Sorry Dave, I cannot do that.&quot;' />
					<Clean command='echo &quot;Sorry Dave, I cannot do that.&quot;' />
					<DistClean command='echo &quot;Sorry Dave, I cannot do that.&quot;' />
				</MakeCommands>
			</Target>
		</Build>
		<Compiler>
			<Add option="-Wall" />
		</Compiler>
		<Unit filename="../devcpp/scourge_private.h" />
		<Unit filename="../example/examplepreferences.h" />
		<Unit filename="../example/game.cpp" />
		<Unit filename="../example/game.h" />
		<Unit filename="../example/graphics.cpp" />
		<Unit filename="../example/graphics.h" />
		<Unit filename="../example/main.cpp" />
		<Unit filename="../intl/bindtextdom.c">
			<Option compilerVar="CC" />
		</Unit>
		<Unit filename="../intl/dcgettext.c">
			<Option compilerVar="CC" />
		</Unit>
		<Unit filename="../intl/dcigettext.c">
			<Option compilerVar="CC" />
		</Unit>
		<Unit filename="../intl/dcngettext.c">
			<Option compilerVar="CC" />
		</Unit>
		<Unit filename="../intl/dgettext.c">
			<Option compilerVar="CC" />
		</Unit>
		<Unit filename="../intl/dngettext.c">
			<Option compilerVar="CC" />
		</Unit>
		<Unit filename="../intl/eval-plural.h" />
		<Unit filename="../intl/explodename.c">
			<Option compilerVar="CC" />
		</Unit>
		<Unit filename="../intl/export.h" />
		<Unit filename="../intl/finddomain.c">
			<Option compilerVar="CC" />
		</Unit>
		<Unit filename="../intl/gettext.c">
			<Option compilerVar="CC" />
		</Unit>
		<Unit filename="../intl/gettextP.h" />
		<Unit filename="../intl/gmo.h" />
		<Unit filename="../intl/hash-string.c">
			<Option compilerVar="CC" />
		</Unit>
		<Unit filename="../intl/hash-string.h" />
		<Unit filename="../intl/intl-compat.c">
			<Option compilerVar="CC" />
		</Unit>
		<Unit filename="../intl/intl-exports.c">
			<Option compilerVar="CC" />
		</Unit>
		<Unit filename="../intl/l10nflist.c">
			<Option compilerVar="CC" />
		</Unit>
		<Unit filename="../intl/langprefs.c">
			<Option compilerVar="CC" />
		</Unit>
		<Unit filename="../intl/loadinfo.h" />
		<Unit filename="../intl/loadmsgcat.c">
			<Option compilerVar="CC" />
		</Unit>
		<Unit filename="../intl/localcharset.c">
			<Option compilerVar="CC" />
		</Unit>
		<Unit filename="../intl/localcharset.h" />
		<Unit filename="../intl/localealias.c">
			<Option compilerVar="CC" />
		</Unit>
		<Unit filename="../intl/localename.c">
			<Option compilerVar="CC" />
		</Unit>
		<Unit filename="../intl/lock.c">
			<Option compilerVar="CC" />
		</Unit>
		<Unit filename="../intl/lock.h" />
		<Unit filename="../intl/log.c">
			<Option compilerVar="CC" />
		</Unit>
		<Unit filename="../intl/ngettext.c">
			<Option compilerVar="CC" />
		</Unit>
		<Unit filename="../intl/os2compat.c">
			<Option compilerVar="CC" />
		</Unit>
		<Unit filename="../intl/os2compat.h" />
		<Unit filename="../intl/osdep.c">
			<Option compilerVar="CC" />
		</Unit>
		<Unit filename="../intl/plural-exp.c">
			<Option compilerVar="CC" />
		</Unit>
		<Unit filename="../intl/plural-exp.h" />
		<Unit filename="../intl/plural.c">
			<Option compilerVar="CC" />
		</Unit>
		<Unit filename="../intl/printf-args.c">
			<Option compilerVar="CC" />
		</Unit>
		<Unit filename="../intl/printf-args.h" />
		<Unit filename="../intl/printf-parse.c">
			<Option compilerVar="CC" />
		</Unit>
		<Unit filename="../intl/printf-parse.h" />
		<Unit filename="../intl/printf.c">
			<Option compilerVar="CC" />
		</Unit>
		<Unit filename="../intl/relocatable.c">
			<Option compilerVar="CC" />
		</Unit>
		<Unit filename="../intl/relocatable.h" />
		<Unit filename="../intl/textdomain.c">
			<Option compilerVar="CC" />
		</Unit>
		<Unit filename="../intl/vasnprintf.c">
			<Option compilerVar="CC" />
		</Unit>
		<Unit filename="../intl/vasnprintf.h" />
		<Unit filename="../intl/vasnwprintf.h" />
		<Unit filename="../intl/version.c">
			<Option compilerVar="CC" />
		</Unit>
		<Unit filename="../intl/wprintf-parse.h" />
		<Unit filename="../intl/xsize.h" />
		<Unit filename="../src/astar.cpp" />
		<Unit filename="../src/astar.h" />
		<Unit filename="../src/battle.cpp" />
		<Unit filename="../src/battle.h" />
		<Unit filename="../src/board.cpp" />
		<Unit filename="../src/board.h" />
		<Unit filename="../src/calendar.cpp" />
		<Unit filename="../src/calendar.h" />
		<Unit filename="../src/cavemaker.cpp" />
		<Unit filename="../src/cavemaker.h" />
		<Unit filename="../src/cellular.cpp" />
		<Unit filename="../src/cellular.h" />
		<Unit filename="../src/characterinfo.cpp" />
		<Unit filename="../src/characterinfo.h" />
		<Unit filename="../src/common/binreloc.c">
			<Option compilerVar="CC" />
		</Unit>
		<Unit filename="../src/common/binreloc.h" />
		<Unit filename="../src/common/constants.cpp" />
		<Unit filename="../src/common/constants.h" />
		<Unit filename="../src/common/glnoise.cpp" />
		<Unit filename="../src/common/glnoise.h" />
		<Unit filename="../src/configlang.cpp" />
		<Unit filename="../src/configlang.h" />
		<Unit filename="../src/containergui.cpp" />
		<Unit filename="../src/containergui.h" />
		<Unit filename="../src/containerview.cpp" />
		<Unit filename="../src/containerview.h" />
		<Unit filename="../src/conversationgui.cpp" />
		<Unit filename="../src/conversationgui.h" />
		<Unit filename="../src/creature.cpp" />
		<Unit filename="../src/creature.h" />
		<Unit filename="../src/date.cpp" />
		<Unit filename="../src/date.h" />
		<Unit filename="../src/debug.h" />
		<Unit filename="../src/donatedialog.cpp" />
		<Unit filename="../src/donatedialog.h" />
		<Unit filename="../src/dungeongenerator.cpp" />
		<Unit filename="../src/dungeongenerator.h" />
		<Unit filename="../src/equip.cpp" />
		<Unit filename="../src/equip.h" />
		<Unit filename="../src/events/event.cpp" />
		<Unit filename="../src/events/event.h" />
		<Unit filename="../src/events/potionexpirationevent.cpp" />
		<Unit filename="../src/events/potionexpirationevent.h" />
		<Unit filename="../src/events/reloadevent.cpp" />
		<Unit filename="../src/events/reloadevent.h" />
		<Unit filename="../src/events/statemodexpirationevent.cpp" />
		<Unit filename="../src/events/statemodexpirationevent.h" />
		<Unit filename="../src/events/thirsthungerevent.cpp" />
		<Unit filename="../src/events/thirsthungerevent.h" />
		<Unit filename="../src/freetype/fontmgr.cpp" />
		<Unit filename="../src/freetype/fontmgr.h" />
		<Unit filename="../src/gameadapter.cpp" />
		<Unit filename="../src/gameadapter.h" />
		<Unit filename="../src/gui/button.cpp" />
		<Unit filename="../src/gui/button.h" />
		<Unit filename="../src/gui/canvas.cpp" />
		<Unit filename="../src/gui/canvas.h" />
		<Unit filename="../src/gui/cardcontainer.cpp" />
		<Unit filename="../src/gui/cardcontainer.h" />
		<Unit filename="../src/gui/checkbox.cpp" />
		<Unit filename="../src/gui/checkbox.h" />
		<Unit filename="../src/gui/confirmdialog.cpp" />
		<Unit filename="../src/gui/confirmdialog.h" />
		<Unit filename="../src/gui/draganddrop.cpp" />
		<Unit filename="../src/gui/draganddrop.h" />
		<Unit filename="../src/gui/eventhandler.cpp" />
		<Unit filename="../src/gui/eventhandler.h" />
		<Unit filename="../src/gui/gui.cpp" />
		<Unit filename="../src/gui/gui.h" />
		<Unit filename="../src/gui/guievent.h" />
		<Unit filename="../src/gui/guitheme.cpp" />
		<Unit filename="../src/gui/guitheme.h" />
		<Unit filename="../src/gui/label.cpp" />
		<Unit filename="../src/gui/label.h" />
		<Unit filename="../src/gui/multiplelabel.cpp" />
		<Unit filename="../src/gui/multiplelabel.h" />
		<Unit filename="../src/gui/progress.cpp" />
		<Unit filename="../src/gui/progress.h" />
		<Unit filename="../src/gui/scrollinglabel.cpp" />
		<Unit filename="../src/gui/scrollinglabel.h" />
		<Unit filename="../src/gui/scrollinglist.cpp" />
		<Unit filename="../src/gui/scrollinglist.h" />
		<Unit filename="../src/gui/slider.cpp" />
		<Unit filename="../src/gui/slider.h" />
		<Unit filename="../src/gui/textdialog.cpp" />
		<Unit filename="../src/gui/textdialog.h" />
		<Unit filename="../src/gui/textfield.cpp" />
		<Unit filename="../src/gui/textfield.h" />
		<Unit filename="../src/gui/widget.cpp" />
		<Unit filename="../src/gui/widget.h" />
		<Unit filename="../src/gui/widgetview.cpp" />
		<Unit filename="../src/gui/widgetview.h" />
		<Unit filename="../src/gui/window.cpp" />
		<Unit filename="../src/gui/window.h" />
		<Unit filename="../src/healdialog.cpp" />
		<Unit filename="../src/healdialog.h" />
		<Unit filename="../src/identifydialog.cpp" />
		<Unit filename="../src/identifydialog.h" />
		<Unit filename="../src/infogui.cpp" />
		<Unit filename="../src/infogui.h" />
		<Unit filename="../src/inven.cpp" />
		<Unit filename="../src/inven.h" />
		<Unit filename="../src/io/file.cpp" />
		<Unit filename="../src/io/file.h" />
		<Unit filename="../src/io/zipfile.cpp" />
		<Unit filename="../src/io/zipfile.h" />
		<Unit filename="../src/item.cpp" />
		<Unit filename="../src/item.h" />
		<Unit filename="../src/itemlist.cpp" />
		<Unit filename="../src/itemlist.h" />
		<Unit filename="../src/landgenerator.cpp" />
		<Unit filename="../src/landgenerator.h" />
		<Unit filename="../src/main.cpp" />
		<Unit filename="../src/mainmenu.cpp" />
		<Unit filename="../src/mainmenu.h" />
		<Unit filename="../src/mapeditor.cpp" />
		<Unit filename="../src/mapeditor.h" />
		<Unit filename="../src/mapwidget.cpp" />
		<Unit filename="../src/mapwidget.h" />
		<Unit filename="../src/minimap.cpp" />
		<Unit filename="../src/minimap.h" />
		<Unit filename="../src/mondrian.cpp" />
		<Unit filename="../src/mondrian.h" />
		<Unit filename="../src/multiplayer.cpp" />
		<Unit filename="../src/multiplayer.h" />
		<Unit filename="../src/net/broadcast.cpp" />
		<Unit filename="../src/net/broadcast.h" />
		<Unit filename="../src/net/client.cpp" />
		<Unit filename="../src/net/client.h" />
		<Unit filename="../src/net/clientinfo.cpp" />
		<Unit filename="../src/net/clientinfo.h" />
		<Unit filename="../src/net/commands.cpp" />
		<Unit filename="../src/net/commands.h" />
		<Unit filename="../src/net/gamestatehandler.cpp" />
		<Unit filename="../src/net/gamestatehandler.h" />
		<Unit filename="../src/net/server.cpp" />
		<Unit filename="../src/net/server.h" />
		<Unit filename="../src/net/tcputil.cpp" />
		<Unit filename="../src/net/tcputil.h" />
		<Unit filename="../src/net/testgamestatehandler.cpp" />
		<Unit filename="../src/net/testgamestatehandler.h" />
		<Unit filename="../src/netplay.cpp" />
		<Unit filename="../src/netplay.h" />
		<Unit filename="../src/optionsmenu.cpp" />
		<Unit filename="../src/optionsmenu.h" />
		<Unit filename="../src/outdoorgenerator.cpp" />
		<Unit filename="../src/outdoorgenerator.h" />
		<Unit filename="../src/party.cpp" />
		<Unit filename="../src/party.h" />
		<Unit filename="../src/partyeditor.cpp" />
		<Unit filename="../src/partyeditor.h" />
		<Unit filename="../src/pathmanager.cpp" />
		<Unit filename="../src/pathmanager.h" />
		<Unit filename="../src/pceditor.cpp" />
		<Unit filename="../src/pceditor.h" />
		<Unit filename="../src/pcui.cpp" />
		<Unit filename="../src/pcui.h" />
		<Unit filename="../src/persist.cpp" />
		<Unit filename="../src/persist.h" />
		<Unit filename="../src/portrait.cpp" />
		<Unit filename="../src/portrait.h" />
		<Unit filename="../src/preferences.h" />
		<Unit filename="../src/projectile.cpp" />
		<Unit filename="../src/projectile.h" />
		<Unit filename="../src/quickhull.cpp" />
		<Unit filename="../src/quickhull.h" />
		<Unit filename="../src/rechargedialog.cpp" />
		<Unit filename="../src/rechargedialog.h" />
		<Unit filename="../src/render/3ds.cpp" />
		<Unit filename="../src/render/3ds.h" />
		<Unit filename="../src/render/3dsshape.cpp" />
		<Unit filename="../src/render/3dsshape.h" />
		<Unit filename="../src/render/Md2.cpp" />
		<Unit filename="../src/render/Md2.h" />
		<Unit filename="../src/render/Md3.cpp" />
		<Unit filename="../src/render/Md3.h" />
		<Unit filename="../src/render/animatedshape.cpp" />
		<Unit filename="../src/render/animatedshape.h" />
		<Unit filename="../src/render/cutscene.cpp" />
		<Unit filename="../src/render/cutscene.h" />
		<Unit filename="../src/render/effect.cpp" />
		<Unit filename="../src/render/effect.h" />
		<Unit filename="../src/render/fog.cpp" />
		<Unit filename="../src/render/fog.h" />
		<Unit filename="../src/render/frustum.cpp" />
		<Unit filename="../src/render/frustum.h" />
		<Unit filename="../src/render/glcaveshape.cpp" />
		<Unit filename="../src/render/glcaveshape.h" />
		<Unit filename="../src/render/gllocator.cpp" />
		<Unit filename="../src/render/gllocator.h" />
		<Unit filename="../src/render/glshape.cpp" />
		<Unit filename="../src/render/glshape.h" />
		<Unit filename="../src/render/glteleporter.cpp" />
		<Unit filename="../src/render/glteleporter.h" />
		<Unit filename="../src/render/gltorch.cpp" />
		<Unit filename="../src/render/gltorch.h" />
		<Unit filename="../src/render/indoor.cpp" />
		<Unit filename="../src/render/indoor.h" />
		<Unit filename="../src/render/location.cpp" />
		<Unit filename="../src/render/location.h" />
		<Unit filename="../src/render/map.cpp" />
		<Unit filename="../src/render/map.h" />
		<Unit filename="../src/render/mapadapter.cpp" />
		<Unit filename="../src/render/mapadapter.h" />
		<Unit filename="../src/render/mapmemory.cpp" />
		<Unit filename="../src/render/mapmemory.h" />
		<Unit filename="../src/render/maprender.cpp" />
		<Unit filename="../src/render/maprender.h" />
		<Unit filename="../src/render/maprenderhelper.cpp" />
		<Unit filename="../src/render/maprenderhelper.h" />
		<Unit filename="../src/render/mapsettings.cpp" />
		<Unit filename="../src/render/mapsettings.h" />
		<Unit filename="../src/render/md2shape.cpp" />
		<Unit filename="../src/render/md2shape.h" />
		<Unit filename="../src/render/md3shape.cpp" />
		<Unit filename="../src/render/md3shape.h" />
		<Unit filename="../src/render/modelwrapper.cpp" />
		<Unit filename="../src/render/modelwrapper.h" />
		<Unit filename="../src/render/outdoor.cpp" />
		<Unit filename="../src/render/outdoor.h" />
		<Unit filename="../src/render/projectilerenderer.cpp" />
		<Unit filename="../src/render/projectilerenderer.h" />
		<Unit filename="../src/render/render.h" />
		<Unit filename="../src/render/renderedcreature.cpp" />
		<Unit filename="../src/render/renderedcreature.h" />
		<Unit filename="../src/render/rendereditem.h" />
		<Unit filename="../src/render/renderedlocation.cpp" />
		<Unit filename="../src/render/renderedlocation.h" />
		<Unit filename="../src/render/renderedprojectile.cpp" />
		<Unit filename="../src/render/renderedprojectile.h" />
		<Unit filename="../src/render/renderlib.h" />
		<Unit filename="../src/render/shape.cpp" />
		<Unit filename="../src/render/shape.h" />
		<Unit filename="../src/render/shapes.cpp" />
		<Unit filename="../src/render/shapes.h" />
		<Unit filename="../src/render/texture.cpp" />
		<Unit filename="../src/render/texture.h" />
		<Unit filename="../src/render/virtualshape.cpp" />
		<Unit filename="../src/render/virtualshape.h" />
		<Unit filename="../src/render/weather.cpp" />
		<Unit filename="../src/render/weather.h" />
		<Unit filename="../src/rpg/character.cpp" />
		<Unit filename="../src/rpg/character.h" />
		<Unit filename="../src/rpg/monster.cpp" />
		<Unit filename="../src/rpg/monster.h" />
		<Unit filename="../src/rpg/rpg.cpp" />
		<Unit filename="../src/rpg/rpg.h" />
		<Unit filename="../src/rpg/rpgitem.cpp" />
		<Unit filename="../src/rpg/rpgitem.h" />
		<Unit filename="../src/rpg/rpglib.h" />
		<Unit filename="../src/rpg/specialskill.cpp" />
		<Unit filename="../src/rpg/specialskill.h" />
		<Unit filename="../src/rpg/spell.cpp" />
		<Unit filename="../src/rpg/spell.h" />
		<Unit filename="../src/savegamedialog.cpp" />
		<Unit filename="../src/savegamedialog.h" />
		<Unit filename="../src/scourge.cpp" />
		<Unit filename="../src/scourge.h" />
		<Unit filename="../src/scourgehandler.cpp" />
		<Unit filename="../src/scourgehandler.h" />
		<Unit filename="../src/scourgeview.cpp" />
		<Unit filename="../src/scourgeview.h" />
		<Unit filename="../src/sdleventhandler.cpp" />
		<Unit filename="../src/sdleventhandler.h" />
		<Unit filename="../src/sdlhandler.cpp" />
		<Unit filename="../src/sdlhandler.h" />
		<Unit filename="../src/sdlscreenview.cpp" />
		<Unit filename="../src/sdlscreenview.h" />
		<Unit filename="../src/session.cpp" />
		<Unit filename="../src/session.h" />
		<Unit filename="../src/shapepalette.cpp" />
		<Unit filename="../src/shapepalette.h" />
		<Unit filename="../src/skillsview.cpp" />
		<Unit filename="../src/skillsview.h" />
		<Unit filename="../src/sound.cpp" />
		<Unit filename="../src/sound.h" />
		<Unit filename="../src/spellcaster.cpp" />
		<Unit filename="../src/spellcaster.h" />
		<Unit filename="../src/sqbinding/consoleprinter.h" />
		<Unit filename="../src/sqbinding/sqbinding.cpp" />
		<Unit filename="../src/sqbinding/sqbinding.h" />
		<Unit filename="../src/sqbinding/sqcreature.cpp" />
		<Unit filename="../src/sqbinding/sqcreature.h" />
		<Unit filename="../src/sqbinding/sqgame.cpp" />
		<Unit filename="../src/sqbinding/sqgame.h" />
		<Unit filename="../src/sqbinding/sqitem.cpp" />
		<Unit filename="../src/sqbinding/sqitem.h" />
		<Unit filename="../src/sqbinding/sqmission.cpp" />
		<Unit filename="../src/sqbinding/sqmission.h" />
		<Unit filename="../src/sqbinding/sqobject.cpp" />
		<Unit filename="../src/sqbinding/sqobject.h" />
		<Unit filename="../src/sqbinding/sqspell.cpp" />
		<Unit filename="../src/sqbinding/sqspell.h" />
		<Unit filename="../src/sqstdlib/sqstdaux.cpp" />
		<Unit filename="../src/sqstdlib/sqstdblob.cpp" />
		<Unit filename="../src/sqstdlib/sqstdblobimpl.h" />
		<Unit filename="../src/sqstdlib/sqstdio.cpp" />
		<Unit filename="../src/sqstdlib/sqstdmath.cpp" />
		<Unit filename="../src/sqstdlib/sqstdrex.c">
			<Option compilerVar="CC" />
		</Unit>
		<Unit filename="../src/sqstdlib/sqstdstream.cpp" />
		<Unit filename="../src/sqstdlib/sqstdstream.h" />
		<Unit filename="../src/sqstdlib/sqstdstring.cpp" />
		<Unit filename="../src/sqstdlib/sqstdsystem.cpp" />
		<Unit filename="../src/squirrel/sqapi.cpp" />
		<Unit filename="../src/squirrel/sqarray.h" />
		<Unit filename="../src/squirrel/sqbaselib.cpp" />
		<Unit filename="../src/squirrel/sqclass.cpp" />
		<Unit filename="../src/squirrel/sqclass.h" />
		<Unit filename="../src/squirrel/sqclosure.h" />
		<Unit filename="../src/squirrel/sqcompiler.cpp" />
		<Unit filename="../src/squirrel/sqcompiler.h" />
		<Unit filename="../src/squirrel/sqdebug.cpp" />
		<Unit filename="../src/squirrel/sqfuncproto.h" />
		<Unit filename="../src/squirrel/sqfuncstate.cpp" />
		<Unit filename="../src/squirrel/sqfuncstate.h" />
		<Unit filename="../src/squirrel/sqlexer.cpp" />
		<Unit filename="../src/squirrel/sqlexer.h" />
		<Unit filename="../src/squirrel/sqmem.cpp" />
		<Unit filename="../src/squirrel/sqobject.cpp" />
		<Unit filename="../src/squirrel/sqobject.h" />
		<Unit filename="../src/squirrel/sqopcodes.h" />
		<Unit filename="../src/squirrel/sqpcheader.h" />
		<Unit filename="../src/squirrel/sqstate.cpp" />
		<Unit filename="../src/squirrel/sqstate.h" />
		<Unit filename="../src/squirrel/sqstdaux.h" />
		<Unit filename="../src/squirrel/sqstdblob.h" />
		<Unit filename="../src/squirrel/sqstdio.h" />
		<Unit filename="../src/squirrel/sqstdmath.h" />
		<Unit filename="../src/squirrel/sqstdstring.h" />
		<Unit filename="../src/squirrel/sqstdsystem.h" />
		<Unit filename="../src/squirrel/sqstring.h" />
		<Unit filename="../src/squirrel/sqtable.cpp" />
		<Unit filename="../src/squirrel/sqtable.h" />
		<Unit filename="../src/squirrel/squirrel.h" />
		<Unit filename="../src/squirrel/squserdata.h" />
		<Unit filename="../src/squirrel/squtils.h" />
		<Unit filename="../src/squirrel/sqvm.cpp" />
		<Unit filename="../src/squirrel/sqvm.h" />
		<Unit filename="../src/storable.h" />
		<Unit filename="../src/terraingenerator.cpp" />
		<Unit filename="../src/terraingenerator.h" />
		<Unit filename="../src/test/combattest.cpp" />
		<Unit filename="../src/test/combattest.h" />
		<Unit filename="../src/text.cpp" />
		<Unit filename="../src/text.h" />
		<Unit filename="../src/texteffect.cpp" />
		<Unit filename="../src/texteffect.h" />
		<Unit filename="../src/textscroller.cpp" />
		<Unit filename="../src/textscroller.h" />
		<Unit filename="../src/tools/colorselector.cpp" />
		<Unit filename="../src/tools/colorselector.h" />
		<Unit filename="../src/tools/common.cpp" />
		<Unit filename="../src/tools/common.h" />
		<Unit filename="../src/tools/datafile.cpp" />
		<Unit filename="../src/tools/datafile.h" />
		<Unit filename="../src/tools/dfbooks.cpp" />
		<Unit filename="../src/tools/dfbooks.h" />
		<Unit filename="../src/tools/dfclasses.cpp" />
		<Unit filename="../src/tools/dfclasses.h" />
		<Unit filename="../src/tools/dfcreatures.cpp" />
		<Unit filename="../src/tools/dfcreatures.h" />
		<Unit filename="../src/tools/dfgui.cpp" />
		<Unit filename="../src/tools/dfgui.h" />
		<Unit filename="../src/tools/dflocations.cpp" />
		<Unit filename="../src/tools/dflocations.h" />
		<Unit filename="../src/tools/dfmissions.cpp" />
		<Unit filename="../src/tools/dfmissions.h" />
		<Unit filename="../src/tools/dfrpg.cpp" />
		<Unit filename="../src/tools/dfrpg.h" />
		<Unit filename="../src/tools/dfskills.cpp" />
		<Unit filename="../src/tools/dfskills.h" />
		<Unit filename="../src/tools/dfspells.cpp" />
		<Unit filename="../src/tools/dfspells.h" />
		<Unit filename="../src/tools/listadddel.cpp" />
		<Unit filename="../src/tools/listadddel.h" />
		<Unit filename="../src/tools/main.cpp" />
		<Unit filename="../src/tools/page.cpp" />
		<Unit filename="../src/tools/page.h" />
		<Unit filename="../src/tools/pagebooks.cpp" />
		<Unit filename="../src/tools/pagebooks.h" />
		<Unit filename="../src/tools/pageclasses.cpp" />
		<Unit filename="../src/tools/pageclasses.h" />
		<Unit filename="../src/tools/pagecreatures.cpp" />
		<Unit filename="../src/tools/pagecreatures.h" />
		<Unit filename="../src/tools/pagegui.cpp" />
		<Unit filename="../src/tools/pagegui.h" />
		<Unit filename="../src/tools/pagelocations.cpp" />
		<Unit filename="../src/tools/pagelocations.h" />
		<Unit filename="../src/tools/pagemissions.cpp" />
		<Unit filename="../src/tools/pagemissions.h" />
		<Unit filename="../src/tools/pagerpg.cpp" />
		<Unit filename="../src/tools/pagerpg.h" />
		<Unit filename="../src/tools/pageskills.cpp" />
		<Unit filename="../src/tools/pageskills.h" />
		<Unit filename="../src/tools/pagespells.cpp" />
		<Unit filename="../src/tools/pagespells.h" />
		<Unit filename="../src/tools/subpageitemtags.cpp" />
		<Unit filename="../src/tools/subpageitemtags.h" />
		<Unit filename="../src/tools/subpagenames.cpp" />
		<Unit filename="../src/tools/subpagenames.h" />
		<Unit filename="../src/tools/subpageschools.cpp" />
		<Unit filename="../src/tools/subpageschools.h" />
		<Unit filename="../src/tools/subpageskills.cpp" />
		<Unit filename="../src/tools/subpageskills.h" />
		<Unit filename="../src/tools/subpagespells.cpp" />
		<Unit filename="../src/tools/subpagespells.h" />
		<Unit filename="../src/tradedialog.cpp" />
		<Unit filename="../src/tradedialog.h" />
		<Unit filename="../src/traindialog.cpp" />
		<Unit filename="../src/traindialog.h" />
		<Unit filename="../src/uncursedialog.cpp" />
		<Unit filename="../src/uncursedialog.h" />
		<Unit filename="../src/upload.cpp" />
		<Unit filename="../src/upload.h" />
		<Unit filename="../src/userconfiguration.cpp" />
		<Unit filename="../src/userconfiguration.h" />
		<Unit filename="../src/util.cpp" />
		<Unit filename="../src/util.h" />
		<Unit filename="../xcode10.4/Frameworks/SDL.framework/Headers/SDL.h" />
		<Unit filename="../xcode10.4/Frameworks/SDL.framework/Headers/SDL_active.h" />
		<Unit filename="../xcode10.4/Frameworks/SDL.framework/Headers/SDL_audio.h" />
		<Unit filename="../xcode10.4/Frameworks/SDL.framework/Headers/SDL_byteorder.h" />
		<Unit filename="../xcode10.4/Frameworks/SDL.framework/Headers/SDL_cdrom.h" />
		<Unit filename="../xcode10.4/Frameworks/SDL.framework/Headers/SDL_config.h" />
		<Unit filename="../xcode10.4/Frameworks/SDL.framework/Headers/SDL_config_dreamcast.h" />
		<Unit filename="../xcode10.4/Frameworks/SDL.framework/Headers/SDL_config_macos.h" />
		<Unit filename="../xcode10.4/Frameworks/SDL.framework/Headers/SDL_config_macosx.h" />
		<Unit filename="../xcode10.4/Frameworks/SDL.framework/Headers/SDL_config_os2.h" />
		<Unit filename="../xcode10.4/Frameworks/SDL.framework/Headers/SDL_config_win32.h" />
		<Unit filename="../xcode10.4/Frameworks/SDL.framework/Headers/SDL_copying.h" />
		<Unit filename="../xcode10.4/Frameworks/SDL.framework/Headers/SDL_cpuinfo.h" />
		<Unit filename="../xcode10.4/Frameworks/SDL.framework/Headers/SDL_endian.h" />
		<Unit filename="../xcode10.4/Frameworks/SDL.framework/Headers/SDL_error.h" />
		<Unit filename="../xcode10.4/Frameworks/SDL.framework/Headers/SDL_events.h" />
		<Unit filename="../xcode10.4/Frameworks/SDL.framework/Headers/SDL_getenv.h" />
		<Unit filename="../xcode10.4/Frameworks/SDL.framework/Headers/SDL_joystick.h" />
		<Unit filename="../xcode10.4/Frameworks/SDL.framework/Headers/SDL_keyboard.h" />
		<Unit filename="../xcode10.4/Frameworks/SDL.framework/Headers/SDL_keysym.h" />
		<Unit filename="../xcode10.4/Frameworks/SDL.framework/Headers/SDL_loadso.h" />
		<Unit filename="../xcode10.4/Frameworks/SDL.framework/Headers/SDL_main.h" />
		<Unit filename="../xcode10.4/Frameworks/SDL.framework/Headers/SDL_mouse.h" />
		<Unit filename="../xcode10.4/Frameworks/SDL.framework/Headers/SDL_mutex.h" />
		<Unit filename="../xcode10.4/Frameworks/SDL.framework/Headers/SDL_name.h" />
		<Unit filename="../xcode10.4/Frameworks/SDL.framework/Headers/SDL_opengl.h" />
		<Unit filename="../xcode10.4/Frameworks/SDL.framework/Headers/SDL_platform.h" />
		<Unit filename="../xcode10.4/Frameworks/SDL.framework/Headers/SDL_quit.h" />
		<Unit filename="../xcode10.4/Frameworks/SDL.framework/Headers/SDL_rwops.h" />
		<Unit filename="../xcode10.4/Frameworks/SDL.framework/Headers/SDL_stdinc.h" />
		<Unit filename="../xcode10.4/Frameworks/SDL.framework/Headers/SDL_syswm.h" />
		<Unit filename="../xcode10.4/Frameworks/SDL.framework/Headers/SDL_thread.h" />
		<Unit filename="../xcode10.4/Frameworks/SDL.framework/Headers/SDL_timer.h" />
		<Unit filename="../xcode10.4/Frameworks/SDL.framework/Headers/SDL_types.h" />
		<Unit filename="../xcode10.4/Frameworks/SDL.framework/Headers/SDL_version.h" />
		<Unit filename="../xcode10.4/Frameworks/SDL.framework/Headers/SDL_video.h" />
		<Unit filename="../xcode10.4/Frameworks/SDL.framework/Headers/begin_code.h" />
		<Unit filename="../xcode10.4/Frameworks/SDL.framework/Headers/close_code.h" />
		<Unit filename="../xcode10.4/Frameworks/SDL.framework/Versions/A/Headers/SDL.h" />
		<Unit filename="../xcode10.4/Frameworks/SDL.framework/Versions/A/Headers/SDL_active.h" />
		<Unit filename="../xcode10.4/Frameworks/SDL.framework/Versions/A/Headers/SDL_audio.h" />
		<Unit filename="../xcode10.4/Frameworks/SDL.framework/Versions/A/Headers/SDL_byteorder.h" />
		<Unit filename="../xcode10.4/Frameworks/SDL.framework/Versions/A/Headers/SDL_cdrom.h" />
		<Unit filename="../xcode10.4/Frameworks/SDL.framework/Versions/A/Headers/SDL_config.h" />
		<Unit filename="../xcode10.4/Frameworks/SDL.framework/Versions/A/Headers/SDL_config_dreamcast.h" />
		<Unit filename="../xcode10.4/Frameworks/SDL.framework/Versions/A/Headers/SDL_config_macos.h" />
		<Unit filename="../xcode10.4/Frameworks/SDL.framework/Versions/A/Headers/SDL_config_macosx.h" />
		<Unit filename="../xcode10.4/Frameworks/SDL.framework/Versions/A/Headers/SDL_config_os2.h" />
		<Unit filename="../xcode10.4/Frameworks/SDL.framework/Versions/A/Headers/SDL_config_win32.h" />
		<Unit filename="../xcode10.4/Frameworks/SDL.framework/Versions/A/Headers/SDL_copying.h" />
		<Unit filename="../xcode10.4/Frameworks/SDL.framework/Versions/A/Headers/SDL_cpuinfo.h" />
		<Unit filename="../xcode10.4/Frameworks/SDL.framework/Versions/A/Headers/SDL_endian.h" />
		<Unit filename="../xcode10.4/Frameworks/SDL.framework/Versions/A/Headers/SDL_error.h" />
		<Unit filename="../xcode10.4/Frameworks/SDL.framework/Versions/A/Headers/SDL_events.h" />
		<Unit filename="../xcode10.4/Frameworks/SDL.framework/Versions/A/Headers/SDL_getenv.h" />
		<Unit filename="../xcode10.4/Frameworks/SDL.framework/Versions/A/Headers/SDL_joystick.h" />
		<Unit filename="../xcode10.4/Frameworks/SDL.framework/Versions/A/Headers/SDL_keyboard.h" />
		<Unit filename="../xcode10.4/Frameworks/SDL.framework/Versions/A/Headers/SDL_keysym.h" />
		<Unit filename="../xcode10.4/Frameworks/SDL.framework/Versions/A/Headers/SDL_loadso.h" />
		<Unit filename="../xcode10.4/Frameworks/SDL.framework/Versions/A/Headers/SDL_main.h" />
		<Unit filename="../xcode10.4/Frameworks/SDL.framework/Versions/A/Headers/SDL_mouse.h" />
		<Unit filename="../xcode10.4/Frameworks/SDL.framework/Versions/A/Headers/SDL_mutex.h" />
		<Unit filename="../xcode10.4/Frameworks/SDL.framework/Versions/A/Headers/SDL_name.h" />
		<Unit filename="../xcode10.4/Frameworks/SDL.framework/Versions/A/Headers/SDL_opengl.h" />
		<Unit filename="../xcode10.4/Frameworks/SDL.framework/Versions/A/Headers/SDL_platform.h" />
		<Unit filename="../xcode10.4/Frameworks/SDL.framework/Versions/A/Headers/SDL_quit.h" />
		<Unit filename="../xcode10.4/Frameworks/SDL.framework/Versions/A/Headers/SDL_rwops.h" />
		<Unit filename="../xcode10.4/Frameworks/SDL.framework/Versions/A/Headers/SDL_stdinc.h" />
		<Unit filename="../xcode10.4/Frameworks/SDL.framework/Versions/A/Headers/SDL_syswm.h" />
		<Unit filename="../xcode10.4/Frameworks/SDL.framework/Versions/A/Headers/SDL_thread.h" />
		<Unit filename="../xcode10.4/Frameworks/SDL.framework/Versions/A/Headers/SDL_timer.h" />
		<Unit filename="../xcode10.4/Frameworks/SDL.framework/Versions/A/Headers/SDL_types.h" />
		<Unit filename="../xcode10.4/Frameworks/SDL.framework/Versions/A/Headers/SDL_version.h" />
		<Unit filename="../xcode10.4/Frameworks/SDL.framework/Versions/A/Headers/SDL_video.h" />
		<Unit filename="../xcode10.4/Frameworks/SDL.framework/Versions/A/Headers/begin_code.h" />
		<Unit filename="../xcode10.4/Frameworks/SDL.framework/Versions/A/Headers/close_code.h" />
		<Unit filename="../xcode10.4/Frameworks/SDL.framework/Versions/Current/Headers/SDL.h" />
		<Unit filename="../xcode10.4/Frameworks/SDL.framework/Versions/Current/Headers/SDL_active.h" />
		<Unit filename="../xcode10.4/Frameworks/SDL.framework/Versions/Current/Headers/SDL_audio.h" />
		<Unit filename="../xcode10.4/Frameworks/SDL.framework/Versions/Current/Headers/SDL_byteorder.h" />
		<Unit filename="../xcode10.4/Frameworks/SDL.framework/Versions/Current/Headers/SDL_cdrom.h" />
		<Unit filename="../xcode10.4/Frameworks/SDL.framework/Versions/Current/Headers/SDL_config.h" />
		<Unit filename="../xcode10.4/Frameworks/SDL.framework/Versions/Current/Headers/SDL_config_dreamcast.h" />
		<Unit filename="../xcode10.4/Frameworks/SDL.framework/Versions/Current/Headers/SDL_config_macos.h" />
		<Unit filename="../xcode10.4/Frameworks/SDL.framework/Versions/Current/Headers/SDL_config_macosx.h" />
		<Unit filename="../xcode10.4/Frameworks/SDL.framework/Versions/Current/Headers/SDL_config_os2.h" />
		<Unit filename="../xcode10.4/Frameworks/SDL.framework/Versions/Current/Headers/SDL_config_win32.h" />
		<Unit filename="../xcode10.4/Frameworks/SDL.framework/Versions/Current/Headers/SDL_copying.h" />
		<Unit filename="../xcode10.4/Frameworks/SDL.framework/Versions/Current/Headers/SDL_cpuinfo.h" />
		<Unit filename="../xcode10.4/Frameworks/SDL.framework/Versions/Current/Headers/SDL_endian.h" />
		<Unit filename="../xcode10.4/Frameworks/SDL.framework/Versions/Current/Headers/SDL_error.h" />
		<Unit filename="../xcode10.4/Frameworks/SDL.framework/Versions/Current/Headers/SDL_events.h" />
		<Unit filename="../xcode10.4/Frameworks/SDL.framework/Versions/Current/Headers/SDL_getenv.h" />
		<Unit filename="../xcode10.4/Frameworks/SDL.framework/Versions/Current/Headers/SDL_joystick.h" />
		<Unit filename="../xcode10.4/Frameworks/SDL.framework/Versions/Current/Headers/SDL_keyboard.h" />
		<Unit filename="../xcode10.4/Frameworks/SDL.framework/Versions/Current/Headers/SDL_keysym.h" />
		<Unit filename="../xcode10.4/Frameworks/SDL.framework/Versions/Current/Headers/SDL_loadso.h" />
		<Unit filename="../xcode10.4/Frameworks/SDL.framework/Versions/Current/Headers/SDL_main.h" />
		<Unit filename="../xcode10.4/Frameworks/SDL.framework/Versions/Current/Headers/SDL_mouse.h" />
		<Unit filename="../xcode10.4/Frameworks/SDL.framework/Versions/Current/Headers/SDL_mutex.h" />
		<Unit filename="../xcode10.4/Frameworks/SDL.framework/Versions/Current/Headers/SDL_name.h" />
		<Unit filename="../xcode10.4/Frameworks/SDL.framework/Versions/Current/Headers/SDL_opengl.h" />
		<Unit filename="../xcode10.4/Frameworks/SDL.framework/Versions/Current/Headers/SDL_platform.h" />
		<Unit filename="../xcode10.4/Frameworks/SDL.framework/Versions/Current/Headers/SDL_quit.h" />
		<Unit filename="../xcode10.4/Frameworks/SDL.framework/Versions/Current/Headers/SDL_rwops.h" />
		<Unit filename="../xcode10.4/Frameworks/SDL.framework/Versions/Current/Headers/SDL_stdinc.h" />
		<Unit filename="../xcode10.4/Frameworks/SDL.framework/Versions/Current/Headers/SDL_syswm.h" />
		<Unit filename="../xcode10.4/Frameworks/SDL.framework/Versions/Current/Headers/SDL_thread.h" />
		<Unit filename="../xcode10.4/Frameworks/SDL.framework/Versions/Current/Headers/SDL_timer.h" />
		<Unit filename="../xcode10.4/Frameworks/SDL.framework/Versions/Current/Headers/SDL_types.h" />
		<Unit filename="../xcode10.4/Frameworks/SDL.framework/Versions/Current/Headers/SDL_version.h" />
		<Unit filename="../xcode10.4/Frameworks/SDL.framework/Versions/Current/Headers/SDL_video.h" />
		<Unit filename="../xcode10.4/Frameworks/SDL.framework/Versions/Current/Headers/begin_code.h" />
		<Unit filename="../xcode10.4/Frameworks/SDL.framework/Versions/Current/Headers/close_code.h" />
		<Unit filename="../xcode10.4/Frameworks/SDL_image.framework/Headers/SDL_image.h" />
		<Unit filename="../xcode10.4/Frameworks/SDL_image.framework/Versions/A/Headers/SDL_image.h" />
		<Unit filename="../xcode10.4/Frameworks/SDL_image.framework/Versions/Current/Headers/SDL_image.h" />
		<Unit filename="../xcode10.4/Frameworks/SDL_mixer.framework/Headers/SDL_mixer.h" />
		<Unit filename="../xcode10.4/Frameworks/SDL_mixer.framework/Versions/A/Headers/SDL_mixer.h" />
		<Unit filename="../xcode10.4/Frameworks/SDL_mixer.framework/Versions/Current/Headers/SDL_mixer.h" />
		<Unit filename="../xcode10.4/Frameworks/SDL_net.framework/Headers/SDL_net.h" />
		<Unit filename="../xcode10.4/Frameworks/SDL_net.framework/Versions/A/Headers/SDL_net.h" />
		<Unit filename="../xcode10.4/Frameworks/SDL_net.framework/Versions/Current/Headers/SDL_net.h" />
		<Unit filename="../xcode10.4/Frameworks/SDL_ttf.framework/Headers/SDL_ttf.h" />
		<Unit filename="../xcode10.4/Frameworks/SDL_ttf.framework/Versions/A/Headers/SDL_ttf.h" />
		<Unit filename="../xcode10.4/Frameworks/SDL_ttf.framework/Versions/Current/Headers/SDL_ttf.h" />
		<Unit filename="../xcode10.4/etc/SDLMain.h" />
		<Unit filename="../../scourge_data/maps/convert.c">
			<Option compilerVar="CC" />
		</Unit>
		<Unit filename="../../scourge_data/maps/hq.nut" />
		<Unit filename="../../scourge_data/script/chapter12movie.nut" />
		<Unit filename="../../scourge_data/script/hqmovie.nut" />
		<Unit filename="../../scourge_data/script/land.nut" />
		<Unit filename="../../scourge_data/script/map.nut" />
		<Unit filename="../../scourge_data/script/skills.nut" />
		<Unit filename="../../scourge_data/script/terrain.nut" />
		<Extensions>
			<code_completion />
			<debugger />
		</Extensions>
	</Project>
</CodeBlocks_project_file>
