// !$*UTF8*$!
{
	archiveVersion = 1;
	classes = {
	};
	objectVersion = 39;
	objects = {
		080E96DDFE201D6D7F000001 = {
			children = (
			);
			isa = PBXGroup;
			name = Classes;
			refType = 4;
			sourceTree = "<group>";
		};
//080
//081
//082
//083
//084
//100
//101
//102
//103
//104
		1058C7A0FEA54F0111CA2CBB = {
			children = (
				7674A65805D5F9EB00A583B9,
				7674A65905D5F9EB00A583B9,
				7674A68405D5FA1600A583B9,
				1058C7A1FEA54F0111CA2CBB,
			);
			isa = PBXGroup;
			name = "Linked Frameworks";
			refType = 4;
			sourceTree = "<group>";
		};
		1058C7A1FEA54F0111CA2CBB = {
			fallbackIsa = PBXFileReference;
			isa = PBXFrameworkReference;
			lastKnownFileType = wrapper.framework;
			name = Cocoa.framework;
			path = /System/Library/Frameworks/Cocoa.framework;
			refType = 0;
			sourceTree = "<absolute>";
		};
		1058C7A2FEA54F0111CA2CBB = {
			children = (
				29B97325FDCFA39411CA2CEA,
				29B97324FDCFA39411CA2CEA,
			);
			isa = PBXGroup;
			name = "Other Frameworks";
			refType = 4;
			sourceTree = "<group>";
		};
//100
//101
//102
//103
//104
//190
//191
//192
//193
//194
		19C28FACFE9D520D11CA2CBB = {
			children = (
				8D1107320486CEB800E47090,
			);
			isa = PBXGroup;
			name = Products;
			refType = 4;
			sourceTree = "<group>";
		};
//190
//191
//192
//193
//194
//290
//291
//292
//293
//294
		29B97313FDCFA39411CA2CEA = {
			buildSettings = {
			};
			buildStyles = (
				4A9504CCFFE6A4B311CA0CBA,
				4A9504CDFFE6A4B311CA0CBA,
			);
			hasScannedForEncodings = 1;
			isa = PBXProject;
			mainGroup = 29B97314FDCFA39411CA2CEA;
			projectDirPath = "";
			targets = (
				8D1107260486CEB800E47090,
			);
		};
		29B97314FDCFA39411CA2CEA = {
			children = (
				76DDD12606CD684C0023850F,
				76DDD12706CD684C0023850F,
				76DDD12806CD684C0023850F,
				76DDD12906CD684C0023850F,
				76DDD12A06CD684C0023850F,
				76DDD12B06CD684C0023850F,
				762AF7FE066D856300B92069,
				762AF7FF066D856300B92069,
				762AF800066D856300B92069,
				762AF801066D856300B92069,
				762AF802066D856300B92069,
				762AF803066D856300B92069,
				762AF804066D856300B92069,
				762AF805066D856300B92069,
				762AF809066D856300B92069,
				762AF80A066D856300B92069,
				762AF80B066D856300B92069,
				762AF80C066D856300B92069,
				762AF80D066D856300B92069,
				762AF80E066D856300B92069,
				762AF80F066D856300B92069,
				762AF810066D856300B92069,
				762AF813066D856300B92069,
				762AF814066D856300B92069,
				762AF815066D856300B92069,
				762AF816066D856300B92069,
				762AF817066D856300B92069,
				762AF81C066D856300B92069,
				762AF81D066D856300B92069,
				762AF81E066D856300B92069,
				762AF81F066D856300B92069,
				762AF820066D856300B92069,
				762AF821066D856300B92069,
				762AF822066D856300B92069,
				762AF823066D856300B92069,
				762AF824066D856300B92069,
				762AF838066D856300B92069,
				762AF839066D856300B92069,
				762AF83A066D856300B92069,
				762AF83B066D856300B92069,
				762AF83C066D856300B92069,
				762AF83D066D856300B92069,
				762AF83E066D856300B92069,
				762AF83F066D856300B92069,
				762AF840066D856300B92069,
				762AF841066D856300B92069,
				762AF842066D856300B92069,
				762AF843066D856300B92069,
				762AF844066D856300B92069,
				762AF845066D856300B92069,
				762AF846066D856300B92069,
				762AF847066D856300B92069,
				762AF848066D856300B92069,
				762AF849066D856300B92069,
				762AF84A066D856300B92069,
				762AF84B066D856300B92069,
				762AF852066D856300B92069,
				762AF853066D856300B92069,
				762AF854066D856300B92069,
				762AF855066D856300B92069,
				762AF856066D856300B92069,
				762AF857066D856300B92069,
				762AF858066D856300B92069,
				762AF859066D856300B92069,
				762AF85A066D856300B92069,
				762AF85B066D856300B92069,
				762AF85C066D856300B92069,
				762AF85D066D856300B92069,
				762AF85E066D856300B92069,
				762AF85F066D856300B92069,
				762AF860066D856300B92069,
				762AF861066D856300B92069,
				762AF862066D856300B92069,
				762AF863066D856300B92069,
				080E96DDFE201D6D7F000001,
				29B97315FDCFA39411CA2CEA,
				29B97317FDCFA39411CA2CEA,
				29B97323FDCFA39411CA2CEA,
				19C28FACFE9D520D11CA2CBB,
				7674A88505D5FE5900A583B9,
				7674A88605D5FE5900A583B9,
				7674A88705D5FE5900A583B9,
				7674A88F05D5FED300A583B9,
				763630E805D61253007F401E,
			);
			isa = PBXGroup;
			name = scourge;
			path = "";
			refType = 4;
			sourceTree = "<group>";
		};
		29B97315FDCFA39411CA2CEA = {
			children = (
				32CA4F630368D1EE00C91783,
			);
			isa = PBXGroup;
			name = "Other Sources";
			path = "";
			refType = 4;
			sourceTree = "<group>";
		};
		29B97317FDCFA39411CA2CEA = {
			children = (
			);
			isa = PBXGroup;
			name = Resources;
			path = "";
			refType = 4;
			sourceTree = "<group>";
		};
		29B97323FDCFA39411CA2CEA = {
			children = (
				1058C7A0FEA54F0111CA2CBB,
				1058C7A2FEA54F0111CA2CBB,
			);
			isa = PBXGroup;
			name = Frameworks;
			path = "";
			refType = 4;
			sourceTree = "<group>";
		};
		29B97324FDCFA39411CA2CEA = {
			fallbackIsa = PBXFileReference;
			isa = PBXFrameworkReference;
			lastKnownFileType = wrapper.framework;
			name = AppKit.framework;
			path = /System/Library/Frameworks/AppKit.framework;
			refType = 0;
			sourceTree = "<absolute>";
		};
		29B97325FDCFA39411CA2CEA = {
			fallbackIsa = PBXFileReference;
			isa = PBXFrameworkReference;
			lastKnownFileType = wrapper.framework;
			name = Foundation.framework;
			path = /System/Library/Frameworks/Foundation.framework;
			refType = 0;
			sourceTree = "<absolute>";
		};
//290
//291
//292
//293
//294
//320
//321
//322
//323
//324
		32CA4F630368D1EE00C91783 = {
			fileEncoding = 4;
			isa = PBXFileReference;
			lastKnownFileType = sourcecode.c.h;
			path = scourge_Prefix.pch;
			refType = 4;
			sourceTree = "<group>";
		};
//320
//321
//322
//323
//324
//4A0
//4A1
//4A2
//4A3
//4A4
		4A9504CCFFE6A4B311CA0CBA = {
			buildRules = (
			);
			buildSettings = {
				COPY_PHASE_STRIP = NO;
				DEBUGGING_SYMBOLS = YES;
				GCC_DYNAMIC_NO_PIC = NO;
				GCC_ENABLE_FIX_AND_CONTINUE = YES;
				GCC_GENERATE_DEBUGGING_SYMBOLS = YES;
				GCC_OPTIMIZATION_LEVEL = 0;
				OPTIMIZATION_CFLAGS = "-O0";
				ZERO_LINK = YES;
			};
			isa = PBXBuildStyle;
			name = Development;
		};
		4A9504CDFFE6A4B311CA0CBA = {
			buildRules = (
			);
			buildSettings = {
				COPY_PHASE_STRIP = YES;
				GCC_ENABLE_FIX_AND_CONTINUE = NO;
				ZERO_LINK = NO;
			};
			isa = PBXBuildStyle;
			name = Deployment;
		};
//4A0
//4A1
//4A2
//4A3
//4A4
//760
//761
//762
//763
//764
		762AF7FE066D856300B92069 = {
			fileEncoding = 30;
			isa = PBXFileReference;
			lastKnownFileType = sourcecode.cpp.cpp;
			name = 3ds.cpp;
			path = ../../src/3ds.cpp;
			refType = 2;
			sourceTree = SOURCE_ROOT;
		};
		762AF7FF066D856300B92069 = {
			fileEncoding = 30;
			isa = PBXFileReference;
			lastKnownFileType = sourcecode.c.h;
			name = 3ds.h;
			path = ../../src/3ds.h;
			refType = 2;
			sourceTree = SOURCE_ROOT;
		};
		762AF800066D856300B92069 = {
			fileEncoding = 30;
			isa = PBXFileReference;
			lastKnownFileType = sourcecode.cpp.cpp;
			name = 3dsshape.cpp;
			path = ../../src/3dsshape.cpp;
			refType = 2;
			sourceTree = SOURCE_ROOT;
		};
		762AF801066D856300B92069 = {
			fileEncoding = 30;
			isa = PBXFileReference;
			lastKnownFileType = sourcecode.c.h;
			name = 3dsshape.h;
			path = ../../src/3dsshape.h;
			refType = 2;
			sourceTree = SOURCE_ROOT;
		};
		762AF802066D856300B92069 = {
			fileEncoding = 30;
			isa = PBXFileReference;
			lastKnownFileType = sourcecode.cpp.cpp;
			name = board.cpp;
			path = ../../src/board.cpp;
			refType = 2;
			sourceTree = SOURCE_ROOT;
		};
		762AF803066D856300B92069 = {
			fileEncoding = 30;
			isa = PBXFileReference;
			lastKnownFileType = sourcecode.c.h;
			name = board.h;
			path = ../../src/board.h;
			refType = 2;
			sourceTree = SOURCE_ROOT;
		};
		762AF804066D856300B92069 = {
			fileEncoding = 30;
			isa = PBXFileReference;
			lastKnownFileType = sourcecode.cpp.cpp;
			name = calendar.cpp;
			path = ../../src/calendar.cpp;
			refType = 2;
			sourceTree = SOURCE_ROOT;
		};
		762AF805066D856300B92069 = {
			fileEncoding = 30;
			isa = PBXFileReference;
			lastKnownFileType = sourcecode.c.h;
			name = calendar.h;
			path = ../../src/calendar.h;
			refType = 2;
			sourceTree = SOURCE_ROOT;
		};
		762AF809066D856300B92069 = {
			fileEncoding = 30;
			isa = PBXFileReference;
			lastKnownFileType = sourcecode.cpp.cpp;
			name = constants.cpp;
			path = ../../src/constants.cpp;
			refType = 2;
			sourceTree = SOURCE_ROOT;
		};
		762AF80A066D856300B92069 = {
			fileEncoding = 30;
			isa = PBXFileReference;
			lastKnownFileType = sourcecode.c.h;
			name = constants.h;
			path = ../../src/constants.h;
			refType = 2;
			sourceTree = SOURCE_ROOT;
		};
		762AF80B066D856300B92069 = {
			fileEncoding = 30;
			isa = PBXFileReference;
			lastKnownFileType = sourcecode.cpp.cpp;
			name = containergui.cpp;
			path = ../../src/containergui.cpp;
			refType = 2;
			sourceTree = SOURCE_ROOT;
		};
		762AF80C066D856300B92069 = {
			fileEncoding = 30;
			isa = PBXFileReference;
			lastKnownFileType = sourcecode.c.h;
			name = containergui.h;
			path = ../../src/containergui.h;
			refType = 2;
			sourceTree = SOURCE_ROOT;
		};
		762AF80D066D856300B92069 = {
			fileEncoding = 30;
			isa = PBXFileReference;
			lastKnownFileType = sourcecode.cpp.cpp;
			name = creature.cpp;
			path = ../../src/creature.cpp;
			refType = 2;
			sourceTree = SOURCE_ROOT;
		};
		762AF80E066D856300B92069 = {
			fileEncoding = 30;
			isa = PBXFileReference;
			lastKnownFileType = sourcecode.c.h;
			name = creature.h;
			path = ../../src/creature.h;
			refType = 2;
			sourceTree = SOURCE_ROOT;
		};
		762AF80F066D856300B92069 = {
			fileEncoding = 30;
			isa = PBXFileReference;
			lastKnownFileType = sourcecode.cpp.cpp;
			name = date.cpp;
			path = ../../src/date.cpp;
			refType = 2;
			sourceTree = SOURCE_ROOT;
		};
		762AF810066D856300B92069 = {
			fileEncoding = 30;
			isa = PBXFileReference;
			lastKnownFileType = sourcecode.c.h;
			name = date.h;
			path = ../../src/date.h;
			refType = 2;
			sourceTree = SOURCE_ROOT;
		};
		762AF813066D856300B92069 = {
			fileEncoding = 30;
			isa = PBXFileReference;
			lastKnownFileType = sourcecode.cpp.cpp;
			name = dungeongenerator.cpp;
			path = ../../src/dungeongenerator.cpp;
			refType = 2;
			sourceTree = SOURCE_ROOT;
		};
		762AF814066D856300B92069 = {
			fileEncoding = 30;
			isa = PBXFileReference;
			lastKnownFileType = sourcecode.c.h;
			name = dungeongenerator.h;
			path = ../../src/dungeongenerator.h;
			refType = 2;
			sourceTree = SOURCE_ROOT;
		};
		762AF815066D856300B92069 = {
			fileEncoding = 30;
			isa = PBXFileReference;
			lastKnownFileType = sourcecode.cpp.cpp;
			name = effect.cpp;
			path = ../../src/effect.cpp;
			refType = 2;
			sourceTree = SOURCE_ROOT;
		};
		762AF816066D856300B92069 = {
			fileEncoding = 30;
			isa = PBXFileReference;
			lastKnownFileType = sourcecode.c.h;
			name = effect.h;
			path = ../../src/effect.h;
			refType = 2;
			sourceTree = SOURCE_ROOT;
		};
		762AF817066D856300B92069 = {
			children = (
				762AF818066D856300B92069,
				762AF819066D856300B92069,
				762AF81A066D856300B92069,
				762AF81B066D856300B92069,
			);
			isa = PBXGroup;
			name = events;
			path = ../../src/events;
			refType = 2;
			sourceTree = SOURCE_ROOT;
		};
		762AF818066D856300B92069 = {
			fileEncoding = 30;
			isa = PBXFileReference;
			lastKnownFileType = sourcecode.cpp.cpp;
			path = event.cpp;
			refType = 4;
			sourceTree = "<group>";
		};
		762AF819066D856300B92069 = {
			fileEncoding = 30;
			isa = PBXFileReference;
			lastKnownFileType = sourcecode.c.h;
			path = event.h;
			refType = 4;
			sourceTree = "<group>";
		};
		762AF81A066D856300B92069 = {
			fileEncoding = 30;
			isa = PBXFileReference;
			lastKnownFileType = sourcecode.cpp.cpp;
			path = thirsthungerevent.cpp;
			refType = 4;
			sourceTree = "<group>";
		};
		762AF81B066D856300B92069 = {
			fileEncoding = 30;
			isa = PBXFileReference;
			lastKnownFileType = sourcecode.c.h;
			path = thirsthungerevent.h;
			refType = 4;
			sourceTree = "<group>";
		};
		762AF81C066D856300B92069 = {
			fileEncoding = 30;
			isa = PBXFileReference;
			lastKnownFileType = sourcecode.cpp.cpp;
			name = gllocator.cpp;
			path = ../../src/gllocator.cpp;
			refType = 2;
			sourceTree = SOURCE_ROOT;
		};
		762AF81D066D856300B92069 = {
			fileEncoding = 30;
			isa = PBXFileReference;
			lastKnownFileType = sourcecode.c.h;
			name = gllocator.h;
			path = ../../src/gllocator.h;
			refType = 2;
			sourceTree = SOURCE_ROOT;
		};
		762AF81E066D856300B92069 = {
			fileEncoding = 30;
			isa = PBXFileReference;
			lastKnownFileType = sourcecode.cpp.cpp;
			name = glshape.cpp;
			path = ../../src/glshape.cpp;
			refType = 2;
			sourceTree = SOURCE_ROOT;
		};
		762AF81F066D856300B92069 = {
			fileEncoding = 30;
			isa = PBXFileReference;
			lastKnownFileType = sourcecode.c.h;
			name = glshape.h;
			path = ../../src/glshape.h;
			refType = 2;
			sourceTree = SOURCE_ROOT;
		};
		762AF820066D856300B92069 = {
			fileEncoding = 30;
			isa = PBXFileReference;
			lastKnownFileType = sourcecode.cpp.cpp;
			name = glteleporter.cpp;
			path = ../../src/glteleporter.cpp;
			refType = 2;
			sourceTree = SOURCE_ROOT;
		};
		762AF821066D856300B92069 = {
			fileEncoding = 30;
			isa = PBXFileReference;
			lastKnownFileType = sourcecode.c.h;
			name = glteleporter.h;
			path = ../../src/glteleporter.h;
			refType = 2;
			sourceTree = SOURCE_ROOT;
		};
		762AF822066D856300B92069 = {
			fileEncoding = 30;
			isa = PBXFileReference;
			lastKnownFileType = sourcecode.cpp.cpp;
			name = gltorch.cpp;
			path = ../../src/gltorch.cpp;
			refType = 2;
			sourceTree = SOURCE_ROOT;
		};
		762AF823066D856300B92069 = {
			fileEncoding = 30;
			isa = PBXFileReference;
			lastKnownFileType = sourcecode.c.h;
			name = gltorch.h;
			path = ../../src/gltorch.h;
			refType = 2;
			sourceTree = SOURCE_ROOT;
		};
		762AF824066D856300B92069 = {
			children = (
				762AF825066D856300B92069,
				762AF826066D856300B92069,
				762AF827066D856300B92069,
				762AF828066D856300B92069,
				762AF829066D856300B92069,
				762AF82A066D856300B92069,
				762AF82B066D856300B92069,
				762AF82C066D856300B92069,
				762AF82D066D856300B92069,
				762AF82E066D856300B92069,
				762AF82F066D856300B92069,
				762AF830066D856300B92069,
				762AF831066D856300B92069,
				762AF832066D856300B92069,
				762AF833066D856300B92069,
				762AF834066D856300B92069,
				762AF835066D856300B92069,
				762AF836066D856300B92069,
				762AF837066D856300B92069,
			);
			isa = PBXGroup;
			name = gui;
			path = ../../src/gui;
			refType = 2;
			sourceTree = SOURCE_ROOT;
		};
		762AF825066D856300B92069 = {
			fileEncoding = 30;
			isa = PBXFileReference;
			lastKnownFileType = sourcecode.cpp.cpp;
			path = button.cpp;
			refType = 4;
			sourceTree = "<group>";
		};
		762AF826066D856300B92069 = {
			fileEncoding = 30;
			isa = PBXFileReference;
			lastKnownFileType = sourcecode.c.h;
			path = button.h;
			refType = 4;
			sourceTree = "<group>";
		};
		762AF827066D856300B92069 = {
			fileEncoding = 30;
			isa = PBXFileReference;
			lastKnownFileType = sourcecode.cpp.cpp;
			path = cardcontainer.cpp;
			refType = 4;
			sourceTree = "<group>";
		};
		762AF828066D856300B92069 = {
			fileEncoding = 30;
			isa = PBXFileReference;
			lastKnownFileType = sourcecode.c.h;
			path = cardcontainer.h;
			refType = 4;
			sourceTree = "<group>";
		};
		762AF829066D856300B92069 = {
			fileEncoding = 30;
			isa = PBXFileReference;
			lastKnownFileType = sourcecode.cpp.cpp;
			path = checkbox.cpp;
			refType = 4;
			sourceTree = "<group>";
		};
		762AF82A066D856300B92069 = {
			fileEncoding = 30;
			isa = PBXFileReference;
			lastKnownFileType = sourcecode.c.h;
			path = checkbox.h;
			refType = 4;
			sourceTree = "<group>";
		};
		762AF82B066D856300B92069 = {
			fileEncoding = 30;
			isa = PBXFileReference;
			lastKnownFileType = sourcecode.cpp.cpp;
			path = draganddrop.cpp;
			refType = 4;
			sourceTree = "<group>";
		};
		762AF82C066D856300B92069 = {
			fileEncoding = 30;
			isa = PBXFileReference;
			lastKnownFileType = sourcecode.c.h;
			path = draganddrop.h;
			refType = 4;
			sourceTree = "<group>";
		};
		762AF82D066D856300B92069 = {
			fileEncoding = 30;
			isa = PBXFileReference;
			lastKnownFileType = sourcecode.c.h;
			path = gui.h;
			refType = 4;
			sourceTree = "<group>";
		};
		762AF82E066D856300B92069 = {
			fileEncoding = 30;
			isa = PBXFileReference;
			lastKnownFileType = sourcecode.cpp.cpp;
			path = label.cpp;
			refType = 4;
			sourceTree = "<group>";
		};
		762AF82F066D856300B92069 = {
			fileEncoding = 30;
			isa = PBXFileReference;
			lastKnownFileType = sourcecode.c.h;
			path = label.h;
			refType = 4;
			sourceTree = "<group>";
		};
		762AF830066D856300B92069 = {
			fileEncoding = 30;
			isa = PBXFileReference;
			lastKnownFileType = sourcecode.cpp.cpp;
			path = multiplelabel.cpp;
			refType = 4;
			sourceTree = "<group>";
		};
		762AF831066D856300B92069 = {
			fileEncoding = 30;
			isa = PBXFileReference;
			lastKnownFileType = sourcecode.c.h;
			path = multiplelabel.h;
			refType = 4;
			sourceTree = "<group>";
		};
		762AF832066D856300B92069 = {
			fileEncoding = 30;
			isa = PBXFileReference;
			lastKnownFileType = sourcecode.cpp.cpp;
			path = scrollinglist.cpp;
			refType = 4;
			sourceTree = "<group>";
		};
		762AF833066D856300B92069 = {
			fileEncoding = 30;
			isa = PBXFileReference;
			lastKnownFileType = sourcecode.c.h;
			path = scrollinglist.h;
			refType = 4;
			sourceTree = "<group>";
		};
		762AF834066D856300B92069 = {
			fileEncoding = 30;
			isa = PBXFileReference;
			lastKnownFileType = sourcecode.cpp.cpp;
			path = widget.cpp;
			refType = 4;
			sourceTree = "<group>";
		};
		762AF835066D856300B92069 = {
			fileEncoding = 30;
			isa = PBXFileReference;
			lastKnownFileType = sourcecode.c.h;
			path = widget.h;
			refType = 4;
			sourceTree = "<group>";
		};
		762AF836066D856300B92069 = {
			fileEncoding = 30;
			isa = PBXFileReference;
			lastKnownFileType = sourcecode.cpp.cpp;
			path = window.cpp;
			refType = 4;
			sourceTree = "<group>";
		};
		762AF837066D856300B92069 = {
			fileEncoding = 30;
			isa = PBXFileReference;
			lastKnownFileType = sourcecode.c.h;
			path = window.h;
			refType = 4;
			sourceTree = "<group>";
		};
		762AF838066D856300B92069 = {
			fileEncoding = 30;
			isa = PBXFileReference;
			lastKnownFileType = sourcecode.cpp.cpp;
			name = inventory.cpp;
			path = ../../src/inventory.cpp;
			refType = 2;
			sourceTree = SOURCE_ROOT;
		};
		762AF839066D856300B92069 = {
			fileEncoding = 30;
			isa = PBXFileReference;
			lastKnownFileType = sourcecode.c.h;
			name = inventory.h;
			path = ../../src/inventory.h;
			refType = 2;
			sourceTree = SOURCE_ROOT;
		};
		762AF83A066D856300B92069 = {
			fileEncoding = 30;
			isa = PBXFileReference;
			lastKnownFileType = sourcecode.cpp.cpp;
			name = item.cpp;
			path = ../../src/item.cpp;
			refType = 2;
			sourceTree = SOURCE_ROOT;
		};
		762AF83B066D856300B92069 = {
			fileEncoding = 30;
			isa = PBXFileReference;
			lastKnownFileType = sourcecode.c.h;
			name = item.h;
			path = ../../src/item.h;
			refType = 2;
			sourceTree = SOURCE_ROOT;
		};
		762AF83C066D856300B92069 = {
			fileEncoding = 30;
			isa = PBXFileReference;
			lastKnownFileType = sourcecode.cpp.cpp;
			name = location.cpp;
			path = ../../src/location.cpp;
			refType = 2;
			sourceTree = SOURCE_ROOT;
		};
		762AF83D066D856300B92069 = {
			fileEncoding = 30;
			isa = PBXFileReference;
			lastKnownFileType = sourcecode.c.h;
			name = location.h;
			path = ../../src/location.h;
			refType = 2;
			sourceTree = SOURCE_ROOT;
		};
		762AF83E066D856300B92069 = {
			fileEncoding = 30;
			isa = PBXFileReference;
			lastKnownFileType = sourcecode.cpp.cpp;
			name = main.cpp;
			path = ../../src/main.cpp;
			refType = 2;
			sourceTree = SOURCE_ROOT;
		};
		762AF83F066D856300B92069 = {
			fileEncoding = 30;
			isa = PBXFileReference;
			lastKnownFileType = sourcecode.cpp.cpp;
			name = mainmenu.cpp;
			path = ../../src/mainmenu.cpp;
			refType = 2;
			sourceTree = SOURCE_ROOT;
		};
		762AF840066D856300B92069 = {
			fileEncoding = 30;
			isa = PBXFileReference;
			lastKnownFileType = sourcecode.c.h;
			name = mainmenu.h;
			path = ../../src/mainmenu.h;
			refType = 2;
			sourceTree = SOURCE_ROOT;
		};
		762AF841066D856300B92069 = {
			fileEncoding = 30;
			isa = PBXFileReference;
			lastKnownFileType = sourcecode.cpp.cpp;
			name = map.cpp;
			path = ../../src/map.cpp;
			refType = 2;
			sourceTree = SOURCE_ROOT;
		};
		762AF842066D856300B92069 = {
			fileEncoding = 30;
			isa = PBXFileReference;
			lastKnownFileType = sourcecode.c.h;
			name = map.h;
			path = ../../src/map.h;
			refType = 2;
			sourceTree = SOURCE_ROOT;
		};
		762AF843066D856300B92069 = {
			fileEncoding = 30;
			isa = PBXFileReference;
			lastKnownFileType = sourcecode.cpp.cpp;
			name = Md2.cpp;
			path = ../../src/Md2.cpp;
			refType = 2;
			sourceTree = SOURCE_ROOT;
		};
		762AF844066D856300B92069 = {
			fileEncoding = 30;
			isa = PBXFileReference;
			lastKnownFileType = sourcecode.c.h;
			name = Md2.h;
			path = ../../src/Md2.h;
			refType = 2;
			sourceTree = SOURCE_ROOT;
		};
		762AF845066D856300B92069 = {
			fileEncoding = 30;
			isa = PBXFileReference;
			lastKnownFileType = sourcecode.cpp.cpp;
			name = md2shape.cpp;
			path = ../../src/md2shape.cpp;
			refType = 2;
			sourceTree = SOURCE_ROOT;
		};
		762AF846066D856300B92069 = {
			fileEncoding = 30;
			isa = PBXFileReference;
			lastKnownFileType = sourcecode.c.h;
			name = md2shape.h;
			path = ../../src/md2shape.h;
			refType = 2;
			sourceTree = SOURCE_ROOT;
		};
		762AF847066D856300B92069 = {
			fileEncoding = 30;
			isa = PBXFileReference;
			lastKnownFileType = sourcecode.cpp.cpp;
			name = minimap.cpp;
			path = ../../src/minimap.cpp;
			refType = 2;
			sourceTree = SOURCE_ROOT;
		};
		762AF848066D856300B92069 = {
			fileEncoding = 30;
			isa = PBXFileReference;
			lastKnownFileType = sourcecode.c.h;
			name = minimap.h;
			path = ../../src/minimap.h;
			refType = 2;
			sourceTree = SOURCE_ROOT;
		};
		762AF849066D856300B92069 = {
			fileEncoding = 30;
			isa = PBXFileReference;
			lastKnownFileType = sourcecode.cpp.cpp;
			name = optionsmenu.cpp;
			path = ../../src/optionsmenu.cpp;
			refType = 2;
			sourceTree = SOURCE_ROOT;
		};
		762AF84A066D856300B92069 = {
			fileEncoding = 30;
			isa = PBXFileReference;
			lastKnownFileType = sourcecode.c.h;
			name = optionsmenu.h;
			path = ../../src/optionsmenu.h;
			refType = 2;
			sourceTree = SOURCE_ROOT;
		};
		762AF84B066D856300B92069 = {
			children = (
				762AF84C066D856300B92069,
				762AF84D066D856300B92069,
				762AF84E066D856300B92069,
				762AF84F066D856300B92069,
				762AF850066D856300B92069,
				762AF851066D856300B92069,
			);
			isa = PBXGroup;
			name = rpg;
			path = ../../src/rpg;
			refType = 2;
			sourceTree = SOURCE_ROOT;
		};
		762AF84C066D856300B92069 = {
			fileEncoding = 30;
			isa = PBXFileReference;
			lastKnownFileType = sourcecode.cpp.cpp;
			path = character.cpp;
			refType = 4;
			sourceTree = "<group>";
		};
		762AF84D066D856300B92069 = {
			fileEncoding = 30;
			isa = PBXFileReference;
			lastKnownFileType = sourcecode.c.h;
			path = character.h;
			refType = 4;
			sourceTree = "<group>";
		};
		762AF84E066D856300B92069 = {
			fileEncoding = 30;
			isa = PBXFileReference;
			lastKnownFileType = sourcecode.cpp.cpp;
			path = monster.cpp;
			refType = 4;
			sourceTree = "<group>";
		};
		762AF84F066D856300B92069 = {
			fileEncoding = 30;
			isa = PBXFileReference;
			lastKnownFileType = sourcecode.c.h;
			path = monster.h;
			refType = 4;
			sourceTree = "<group>";
		};
		762AF850066D856300B92069 = {
			fileEncoding = 30;
			isa = PBXFileReference;
			lastKnownFileType = sourcecode.cpp.cpp;
			path = rpgitem.cpp;
			refType = 4;
			sourceTree = "<group>";
		};
		762AF851066D856300B92069 = {
			fileEncoding = 30;
			isa = PBXFileReference;
			lastKnownFileType = sourcecode.c.h;
			path = rpgitem.h;
			refType = 4;
			sourceTree = "<group>";
		};
		762AF852066D856300B92069 = {
			fileEncoding = 30;
			isa = PBXFileReference;
			lastKnownFileType = sourcecode.cpp.cpp;
			name = scourge.cpp;
			path = ../../src/scourge.cpp;
			refType = 2;
			sourceTree = SOURCE_ROOT;
		};
		762AF853066D856300B92069 = {
			fileEncoding = 30;
			isa = PBXFileReference;
			lastKnownFileType = sourcecode.c.h;
			name = scourge.h;
			path = ../../src/scourge.h;
			refType = 2;
			sourceTree = SOURCE_ROOT;
		};
		762AF854066D856300B92069 = {
			fileEncoding = 30;
			isa = PBXFileReference;
			lastKnownFileType = sourcecode.cpp.cpp;
			name = sdleventhandler.cpp;
			path = ../../src/sdleventhandler.cpp;
			refType = 2;
			sourceTree = SOURCE_ROOT;
		};
		762AF855066D856300B92069 = {
			fileEncoding = 30;
			isa = PBXFileReference;
			lastKnownFileType = sourcecode.c.h;
			name = sdleventhandler.h;
			path = ../../src/sdleventhandler.h;
			refType = 2;
			sourceTree = SOURCE_ROOT;
		};
		762AF856066D856300B92069 = {
			fileEncoding = 30;
			isa = PBXFileReference;
			lastKnownFileType = sourcecode.cpp.cpp;
			name = sdlhandler.cpp;
			path = ../../src/sdlhandler.cpp;
			refType = 2;
			sourceTree = SOURCE_ROOT;
		};
		762AF857066D856300B92069 = {
			fileEncoding = 30;
			isa = PBXFileReference;
			lastKnownFileType = sourcecode.c.h;
			name = sdlhandler.h;
			path = ../../src/sdlhandler.h;
			refType = 2;
			sourceTree = SOURCE_ROOT;
		};
		762AF858066D856300B92069 = {
			fileEncoding = 30;
			isa = PBXFileReference;
			lastKnownFileType = sourcecode.cpp.cpp;
			name = sdlscreenview.cpp;
			path = ../../src/sdlscreenview.cpp;
			refType = 2;
			sourceTree = SOURCE_ROOT;
		};
		762AF859066D856300B92069 = {
			fileEncoding = 30;
			isa = PBXFileReference;
			lastKnownFileType = sourcecode.c.h;
			name = sdlscreenview.h;
			path = ../../src/sdlscreenview.h;
			refType = 2;
			sourceTree = SOURCE_ROOT;
		};
		762AF85A066D856300B92069 = {
			fileEncoding = 30;
			isa = PBXFileReference;
			lastKnownFileType = sourcecode.cpp.cpp;
			name = shape.cpp;
			path = ../../src/shape.cpp;
			refType = 2;
			sourceTree = SOURCE_ROOT;
		};
		762AF85B066D856300B92069 = {
			fileEncoding = 30;
			isa = PBXFileReference;
			lastKnownFileType = sourcecode.c.h;
			name = shape.h;
			path = ../../src/shape.h;
			refType = 2;
			sourceTree = SOURCE_ROOT;
		};
		762AF85C066D856300B92069 = {
			fileEncoding = 30;
			isa = PBXFileReference;
			lastKnownFileType = sourcecode.cpp.cpp;
			name = shapepalette.cpp;
			path = ../../src/shapepalette.cpp;
			refType = 2;
			sourceTree = SOURCE_ROOT;
		};
		762AF85D066D856300B92069 = {
			fileEncoding = 30;
			isa = PBXFileReference;
			lastKnownFileType = sourcecode.c.h;
			name = shapepalette.h;
			path = ../../src/shapepalette.h;
			refType = 2;
			sourceTree = SOURCE_ROOT;
		};
		762AF85E066D856300B92069 = {
			fileEncoding = 30;
			isa = PBXFileReference;
			lastKnownFileType = sourcecode.cpp.cpp;
			name = text.cpp;
			path = ../../src/text.cpp;
			refType = 2;
			sourceTree = SOURCE_ROOT;
		};
		762AF85F066D856300B92069 = {
			fileEncoding = 30;
			isa = PBXFileReference;
			lastKnownFileType = sourcecode.c.h;
			name = text.h;
			path = ../../src/text.h;
			refType = 2;
			sourceTree = SOURCE_ROOT;
		};
		762AF860066D856300B92069 = {
			fileEncoding = 30;
			isa = PBXFileReference;
			lastKnownFileType = sourcecode.cpp.cpp;
			name = userconfiguration.cpp;
			path = ../../src/userconfiguration.cpp;
			refType = 2;
			sourceTree = SOURCE_ROOT;
		};
		762AF861066D856300B92069 = {
			fileEncoding = 30;
			isa = PBXFileReference;
			lastKnownFileType = sourcecode.c.h;
			name = userconfiguration.h;
			path = ../../src/userconfiguration.h;
			refType = 2;
			sourceTree = SOURCE_ROOT;
		};
		762AF862066D856300B92069 = {
			fileEncoding = 30;
			isa = PBXFileReference;
			lastKnownFileType = sourcecode.cpp.cpp;
			name = util.cpp;
			path = ../../src/util.cpp;
			refType = 2;
			sourceTree = SOURCE_ROOT;
		};
		762AF863066D856300B92069 = {
			fileEncoding = 30;
			isa = PBXFileReference;
			lastKnownFileType = sourcecode.c.h;
			name = util.h;
			path = ../../src/util.h;
			refType = 2;
			sourceTree = SOURCE_ROOT;
		};
		762AF864066D856300B92069 = {
			fileRef = 762AF7FE066D856300B92069;
			isa = PBXBuildFile;
			settings = {
			};
		};
		762AF865066D856300B92069 = {
			fileRef = 762AF7FF066D856300B92069;
			isa = PBXBuildFile;
			settings = {
			};
		};
		762AF866066D856300B92069 = {
			fileRef = 762AF800066D856300B92069;
			isa = PBXBuildFile;
			settings = {
			};
		};
		762AF867066D856300B92069 = {
			fileRef = 762AF801066D856300B92069;
			isa = PBXBuildFile;
			settings = {
			};
		};
		762AF868066D856300B92069 = {
			fileRef = 762AF802066D856300B92069;
			isa = PBXBuildFile;
			settings = {
			};
		};
		762AF869066D856300B92069 = {
			fileRef = 762AF803066D856300B92069;
			isa = PBXBuildFile;
			settings = {
			};
		};
		762AF86A066D856300B92069 = {
			fileRef = 762AF804066D856300B92069;
			isa = PBXBuildFile;
			settings = {
			};
		};
		762AF86B066D856300B92069 = {
			fileRef = 762AF805066D856300B92069;
			isa = PBXBuildFile;
			settings = {
			};
		};
		762AF86F066D856300B92069 = {
			fileRef = 762AF809066D856300B92069;
			isa = PBXBuildFile;
			settings = {
			};
		};
		762AF870066D856300B92069 = {
			fileRef = 762AF80A066D856300B92069;
			isa = PBXBuildFile;
			settings = {
			};
		};
		762AF871066D856300B92069 = {
			fileRef = 762AF80B066D856300B92069;
			isa = PBXBuildFile;
			settings = {
			};
		};
		762AF872066D856300B92069 = {
			fileRef = 762AF80C066D856300B92069;
			isa = PBXBuildFile;
			settings = {
			};
		};
		762AF873066D856300B92069 = {
			fileRef = 762AF80D066D856300B92069;
			isa = PBXBuildFile;
			settings = {
			};
		};
		762AF874066D856300B92069 = {
			fileRef = 762AF80E066D856300B92069;
			isa = PBXBuildFile;
			settings = {
			};
		};
		762AF875066D856300B92069 = {
			fileRef = 762AF80F066D856300B92069;
			isa = PBXBuildFile;
			settings = {
			};
		};
		762AF876066D856300B92069 = {
			fileRef = 762AF810066D856300B92069;
			isa = PBXBuildFile;
			settings = {
			};
		};
		762AF879066D856300B92069 = {
			fileRef = 762AF813066D856300B92069;
			isa = PBXBuildFile;
			settings = {
			};
		};
		762AF87A066D856300B92069 = {
			fileRef = 762AF814066D856300B92069;
			isa = PBXBuildFile;
			settings = {
			};
		};
		762AF87B066D856300B92069 = {
			fileRef = 762AF815066D856300B92069;
			isa = PBXBuildFile;
			settings = {
			};
		};
		762AF87C066D856300B92069 = {
			fileRef = 762AF816066D856300B92069;
			isa = PBXBuildFile;
			settings = {
			};
		};
		762AF87D066D856300B92069 = {
			fileRef = 762AF818066D856300B92069;
			isa = PBXBuildFile;
			settings = {
			};
		};
		762AF87E066D856300B92069 = {
			fileRef = 762AF819066D856300B92069;
			isa = PBXBuildFile;
			settings = {
			};
		};
		762AF87F066D856300B92069 = {
			fileRef = 762AF81A066D856300B92069;
			isa = PBXBuildFile;
			settings = {
			};
		};
		762AF880066D856300B92069 = {
			fileRef = 762AF81B066D856300B92069;
			isa = PBXBuildFile;
			settings = {
			};
		};
		762AF881066D856300B92069 = {
			fileRef = 762AF81C066D856300B92069;
			isa = PBXBuildFile;
			settings = {
			};
		};
		762AF882066D856300B92069 = {
			fileRef = 762AF81D066D856300B92069;
			isa = PBXBuildFile;
			settings = {
			};
		};
		762AF883066D856300B92069 = {
			fileRef = 762AF81E066D856300B92069;
			isa = PBXBuildFile;
			settings = {
			};
		};
		762AF884066D856300B92069 = {
			fileRef = 762AF81F066D856300B92069;
			isa = PBXBuildFile;
			settings = {
			};
		};
		762AF885066D856300B92069 = {
			fileRef = 762AF820066D856300B92069;
			isa = PBXBuildFile;
			settings = {
			};
		};
		762AF886066D856300B92069 = {
			fileRef = 762AF821066D856300B92069;
			isa = PBXBuildFile;
			settings = {
			};
		};
		762AF887066D856300B92069 = {
			fileRef = 762AF822066D856300B92069;
			isa = PBXBuildFile;
			settings = {
			};
		};
		762AF888066D856300B92069 = {
			fileRef = 762AF823066D856300B92069;
			isa = PBXBuildFile;
			settings = {
			};
		};
		762AF889066D856300B92069 = {
			fileRef = 762AF825066D856300B92069;
			isa = PBXBuildFile;
			settings = {
			};
		};
		762AF88A066D856300B92069 = {
			fileRef = 762AF826066D856300B92069;
			isa = PBXBuildFile;
			settings = {
			};
		};
		762AF88B066D856300B92069 = {
			fileRef = 762AF827066D856300B92069;
			isa = PBXBuildFile;
			settings = {
			};
		};
		762AF88C066D856300B92069 = {
			fileRef = 762AF828066D856300B92069;
			isa = PBXBuildFile;
			settings = {
			};
		};
		762AF88D066D856300B92069 = {
			fileRef = 762AF829066D856300B92069;
			isa = PBXBuildFile;
			settings = {
			};
		};
		762AF88E066D856300B92069 = {
			fileRef = 762AF82A066D856300B92069;
			isa = PBXBuildFile;
			settings = {
			};
		};
		762AF88F066D856300B92069 = {
			fileRef = 762AF82B066D856300B92069;
			isa = PBXBuildFile;
			settings = {
			};
		};
		762AF890066D856300B92069 = {
			fileRef = 762AF82C066D856300B92069;
			isa = PBXBuildFile;
			settings = {
			};
		};
		762AF891066D856300B92069 = {
			fileRef = 762AF82D066D856300B92069;
			isa = PBXBuildFile;
			settings = {
			};
		};
		762AF892066D856300B92069 = {
			fileRef = 762AF82E066D856300B92069;
			isa = PBXBuildFile;
			settings = {
			};
		};
		762AF893066D856300B92069 = {
			fileRef = 762AF82F066D856300B92069;
			isa = PBXBuildFile;
			settings = {
			};
		};
		762AF894066D856300B92069 = {
			fileRef = 762AF830066D856300B92069;
			isa = PBXBuildFile;
			settings = {
			};
		};
		762AF895066D856300B92069 = {
			fileRef = 762AF831066D856300B92069;
			isa = PBXBuildFile;
			settings = {
			};
		};
		762AF896066D856300B92069 = {
			fileRef = 762AF832066D856300B92069;
			isa = PBXBuildFile;
			settings = {
			};
		};
		762AF897066D856300B92069 = {
			fileRef = 762AF833066D856300B92069;
			isa = PBXBuildFile;
			settings = {
			};
		};
		762AF898066D856300B92069 = {
			fileRef = 762AF834066D856300B92069;
			isa = PBXBuildFile;
			settings = {
			};
		};
		762AF899066D856300B92069 = {
			fileRef = 762AF835066D856300B92069;
			isa = PBXBuildFile;
			settings = {
			};
		};
		762AF89A066D856300B92069 = {
			fileRef = 762AF836066D856300B92069;
			isa = PBXBuildFile;
			settings = {
			};
		};
		762AF89B066D856300B92069 = {
			fileRef = 762AF837066D856300B92069;
			isa = PBXBuildFile;
			settings = {
			};
		};
		762AF89C066D856300B92069 = {
			fileRef = 762AF838066D856300B92069;
			isa = PBXBuildFile;
			settings = {
			};
		};
		762AF89D066D856300B92069 = {
			fileRef = 762AF839066D856300B92069;
			isa = PBXBuildFile;
			settings = {
			};
		};
		762AF89E066D856300B92069 = {
			fileRef = 762AF83A066D856300B92069;
			isa = PBXBuildFile;
			settings = {
			};
		};
		762AF89F066D856300B92069 = {
			fileRef = 762AF83B066D856300B92069;
			isa = PBXBuildFile;
			settings = {
			};
		};
		762AF8A0066D856300B92069 = {
			fileRef = 762AF83C066D856300B92069;
			isa = PBXBuildFile;
			settings = {
			};
		};
		762AF8A1066D856300B92069 = {
			fileRef = 762AF83D066D856300B92069;
			isa = PBXBuildFile;
			settings = {
			};
		};
		762AF8A2066D856300B92069 = {
			fileRef = 762AF83E066D856300B92069;
			isa = PBXBuildFile;
			settings = {
			};
		};
		762AF8A3066D856300B92069 = {
			fileRef = 762AF83F066D856300B92069;
			isa = PBXBuildFile;
			settings = {
			};
		};
		762AF8A4066D856300B92069 = {
			fileRef = 762AF840066D856300B92069;
			isa = PBXBuildFile;
			settings = {
			};
		};
		762AF8A5066D856300B92069 = {
			fileRef = 762AF841066D856300B92069;
			isa = PBXBuildFile;
			settings = {
			};
		};
		762AF8A6066D856300B92069 = {
			fileRef = 762AF842066D856300B92069;
			isa = PBXBuildFile;
			settings = {
			};
		};
		762AF8A7066D856300B92069 = {
			fileRef = 762AF843066D856300B92069;
			isa = PBXBuildFile;
			settings = {
			};
		};
		762AF8A8066D856300B92069 = {
			fileRef = 762AF844066D856300B92069;
			isa = PBXBuildFile;
			settings = {
			};
		};
		762AF8A9066D856300B92069 = {
			fileRef = 762AF845066D856300B92069;
			isa = PBXBuildFile;
			settings = {
			};
		};
		762AF8AA066D856300B92069 = {
			fileRef = 762AF846066D856300B92069;
			isa = PBXBuildFile;
			settings = {
			};
		};
		762AF8AB066D856300B92069 = {
			fileRef = 762AF847066D856300B92069;
			isa = PBXBuildFile;
			settings = {
			};
		};
		762AF8AC066D856300B92069 = {
			fileRef = 762AF848066D856300B92069;
			isa = PBXBuildFile;
			settings = {
			};
		};
		762AF8AD066D856300B92069 = {
			fileRef = 762AF849066D856300B92069;
			isa = PBXBuildFile;
			settings = {
			};
		};
		762AF8AE066D856300B92069 = {
			fileRef = 762AF84A066D856300B92069;
			isa = PBXBuildFile;
			settings = {
			};
		};
		762AF8AF066D856300B92069 = {
			fileRef = 762AF84C066D856300B92069;
			isa = PBXBuildFile;
			settings = {
			};
		};
		762AF8B0066D856300B92069 = {
			fileRef = 762AF84D066D856300B92069;
			isa = PBXBuildFile;
			settings = {
			};
		};
		762AF8B1066D856300B92069 = {
			fileRef = 762AF84E066D856300B92069;
			isa = PBXBuildFile;
			settings = {
			};
		};
		762AF8B2066D856300B92069 = {
			fileRef = 762AF84F066D856300B92069;
			isa = PBXBuildFile;
			settings = {
			};
		};
		762AF8B3066D856300B92069 = {
			fileRef = 762AF850066D856300B92069;
			isa = PBXBuildFile;
			settings = {
			};
		};
		762AF8B4066D856300B92069 = {
			fileRef = 762AF851066D856300B92069;
			isa = PBXBuildFile;
			settings = {
			};
		};
		762AF8B5066D856300B92069 = {
			fileRef = 762AF852066D856300B92069;
			isa = PBXBuildFile;
			settings = {
			};
		};
		762AF8B6066D856300B92069 = {
			fileRef = 762AF853066D856300B92069;
			isa = PBXBuildFile;
			settings = {
			};
		};
		762AF8B7066D856300B92069 = {
			fileRef = 762AF854066D856300B92069;
			isa = PBXBuildFile;
			settings = {
			};
		};
		762AF8B8066D856300B92069 = {
			fileRef = 762AF855066D856300B92069;
			isa = PBXBuildFile;
			settings = {
			};
		};
		762AF8B9066D856300B92069 = {
			fileRef = 762AF856066D856300B92069;
			isa = PBXBuildFile;
			settings = {
			};
		};
		762AF8BA066D856300B92069 = {
			fileRef = 762AF857066D856300B92069;
			isa = PBXBuildFile;
			settings = {
			};
		};
		762AF8BB066D856300B92069 = {
			fileRef = 762AF858066D856300B92069;
			isa = PBXBuildFile;
			settings = {
			};
		};
		762AF8BC066D856300B92069 = {
			fileRef = 762AF859066D856300B92069;
			isa = PBXBuildFile;
			settings = {
			};
		};
		762AF8BD066D856300B92069 = {
			fileRef = 762AF85A066D856300B92069;
			isa = PBXBuildFile;
			settings = {
			};
		};
		762AF8BE066D856300B92069 = {
			fileRef = 762AF85B066D856300B92069;
			isa = PBXBuildFile;
			settings = {
			};
		};
		762AF8BF066D856300B92069 = {
			fileRef = 762AF85C066D856300B92069;
			isa = PBXBuildFile;
			settings = {
			};
		};
		762AF8C0066D856300B92069 = {
			fileRef = 762AF85D066D856300B92069;
			isa = PBXBuildFile;
			settings = {
			};
		};
		762AF8C1066D856300B92069 = {
			fileRef = 762AF85E066D856300B92069;
			isa = PBXBuildFile;
			settings = {
			};
		};
		762AF8C2066D856300B92069 = {
			fileRef = 762AF85F066D856300B92069;
			isa = PBXBuildFile;
			settings = {
			};
		};
		762AF8C3066D856300B92069 = {
			fileRef = 762AF860066D856300B92069;
			isa = PBXBuildFile;
			settings = {
			};
		};
		762AF8C4066D856300B92069 = {
			fileRef = 762AF861066D856300B92069;
			isa = PBXBuildFile;
			settings = {
			};
		};
		762AF8C5066D856300B92069 = {
			fileRef = 762AF862066D856300B92069;
			isa = PBXBuildFile;
			settings = {
			};
		};
		762AF8C6066D856300B92069 = {
			fileRef = 762AF863066D856300B92069;
			isa = PBXBuildFile;
			settings = {
			};
		};
		763630E805D61253007F401E = {
			isa = PBXFileReference;
			lastKnownFileType = image.icns;
			name = icon.icns;
			path = ../icon.icns;
			refType = 2;
			sourceTree = SOURCE_ROOT;
		};
		763630E905D61253007F401E = {
			fileRef = 763630E805D61253007F401E;
			isa = PBXBuildFile;
			settings = {
			};
		};
		7674A65805D5F9EB00A583B9 = {
			isa = PBXFileReference;
			lastKnownFileType = wrapper.framework;
			name = GLUT.framework;
			path = /System/Library/Frameworks/GLUT.framework;
			refType = 0;
			sourceTree = "<absolute>";
		};
		7674A65905D5F9EB00A583B9 = {
			isa = PBXFileReference;
			lastKnownFileType = wrapper.framework;
			name = OpenGL.framework;
			path = /System/Library/Frameworks/OpenGL.framework;
			refType = 0;
			sourceTree = "<absolute>";
		};
		7674A65A05D5F9EB00A583B9 = {
			fileRef = 7674A65805D5F9EB00A583B9;
			isa = PBXBuildFile;
			settings = {
			};
		};
		7674A65B05D5F9EB00A583B9 = {
			fileRef = 7674A65905D5F9EB00A583B9;
			isa = PBXBuildFile;
			settings = {
			};
		};
		7674A68405D5FA1600A583B9 = {
			isa = PBXFileReference;
			lastKnownFileType = wrapper.framework;
			name = SDL.framework;
			path = /Users/gabortorok/Library/Frameworks/SDL.framework;
			refType = 0;
			sourceTree = "<absolute>";
		};
		7674A68505D5FA1600A583B9 = {
			fileRef = 7674A68405D5FA1600A583B9;
			isa = PBXBuildFile;
			settings = {
			};
		};
		7674A88505D5FE5900A583B9 = {
			fileEncoding = 30;
			isa = PBXFileReference;
			lastKnownFileType = sourcecode.c.h;
			name = SDLMain.h;
			path = ../SDLMain.h;
			refType = 2;
			sourceTree = SOURCE_ROOT;
		};
		7674A88605D5FE5900A583B9 = {
			fileEncoding = 30;
			isa = PBXFileReference;
			lastKnownFileType = sourcecode.c.objc;
			name = SDLMain.m;
			path = ../SDLMain.m;
			refType = 2;
			sourceTree = SOURCE_ROOT;
		};
		7674A88705D5FE5900A583B9 = {
			isa = PBXFileReference;
			lastKnownFileType = wrapper.nib;
			name = SDLMain.nib;
			path = ../SDLMain.nib;
			refType = 2;
			sourceTree = SOURCE_ROOT;
		};
		7674A88805D5FE5900A583B9 = {
			fileRef = 7674A88505D5FE5900A583B9;
			isa = PBXBuildFile;
			settings = {
			};
		};
		7674A88905D5FE5900A583B9 = {
			fileRef = 7674A88605D5FE5900A583B9;
			isa = PBXBuildFile;
			settings = {
			};
		};
		7674A88A05D5FE5900A583B9 = {
			fileRef = 7674A88705D5FE5900A583B9;
			isa = PBXBuildFile;
			settings = {
			};
		};
		7674A88F05D5FED300A583B9 = {
			fileEncoding = 30;
			isa = PBXFileReference;
			lastKnownFileType = text.plist;
			path = Info.plist;
			refType = 4;
			sourceTree = "<group>";
		};
		7674A89005D5FED300A583B9 = {
			fileRef = 7674A88F05D5FED300A583B9;
			isa = PBXBuildFile;
			settings = {
			};
		};
		76DDD12606CD684C0023850F = {
			fileEncoding = 30;
			isa = PBXFileReference;
			lastKnownFileType = sourcecode.cpp.cpp;
			name = battle.cpp;
			path = ../../src/battle.cpp;
			refType = 2;
			sourceTree = SOURCE_ROOT;
		};
		76DDD12706CD684C0023850F = {
			fileEncoding = 30;
			isa = PBXFileReference;
			lastKnownFileType = sourcecode.c.h;
			name = battle.h;
			path = ../../src/battle.h;
			refType = 2;
			sourceTree = SOURCE_ROOT;
		};
		76DDD12806CD684C0023850F = {
			fileEncoding = 30;
			isa = PBXFileReference;
			lastKnownFileType = sourcecode.cpp.cpp;
			name = party.cpp;
			path = ../../src/party.cpp;
			refType = 2;
			sourceTree = SOURCE_ROOT;
		};
		76DDD12906CD684C0023850F = {
			fileEncoding = 30;
			isa = PBXFileReference;
			lastKnownFileType = sourcecode.c.h;
			name = party.h;
			path = ../../src/party.h;
			refType = 2;
			sourceTree = SOURCE_ROOT;
		};
		76DDD12A06CD684C0023850F = {
			fileEncoding = 30;
			isa = PBXFileReference;
			lastKnownFileType = sourcecode.cpp.cpp;
			name = projectile.cpp;
			path = ../../src/projectile.cpp;
			refType = 2;
			sourceTree = SOURCE_ROOT;
		};
		76DDD12B06CD684C0023850F = {
			fileEncoding = 30;
			isa = PBXFileReference;
			lastKnownFileType = sourcecode.c.h;
			name = projectile.h;
			path = ../../src/projectile.h;
			refType = 2;
			sourceTree = SOURCE_ROOT;
		};
		76DDD12C06CD684C0023850F = {
			fileRef = 76DDD12606CD684C0023850F;
			isa = PBXBuildFile;
			settings = {
			};
		};
		76DDD12D06CD684C0023850F = {
			fileRef = 76DDD12706CD684C0023850F;
			isa = PBXBuildFile;
			settings = {
			};
		};
		76DDD12E06CD684C0023850F = {
			fileRef = 76DDD12806CD684C0023850F;
			isa = PBXBuildFile;
			settings = {
			};
		};
		76DDD12F06CD684C0023850F = {
			fileRef = 76DDD12906CD684C0023850F;
			isa = PBXBuildFile;
			settings = {
			};
		};
		76DDD13006CD684C0023850F = {
			fileRef = 76DDD12A06CD684C0023850F;
			isa = PBXBuildFile;
			settings = {
			};
		};
		76DDD13106CD684C0023850F = {
			fileRef = 76DDD12B06CD684C0023850F;
			isa = PBXBuildFile;
			settings = {
			};
		};
//760
//761
//762
//763
//764
//8D0
//8D1
//8D2
//8D3
//8D4
		8D1107260486CEB800E47090 = {
			buildPhases = (
				8D1107270486CEB800E47090,
				8D1107290486CEB800E47090,
				8D11072C0486CEB800E47090,
				8D11072E0486CEB800E47090,
			);
			buildRules = (
			);
			buildSettings = {
				FRAMEWORK_SEARCH_PATHS = "\"$(HOME)/Library/Frameworks\" /Users/gabortorok/Library/Frameworks";
				GCC_ENABLE_TRIGRAPHS = NO;
				GCC_GENERATE_DEBUGGING_SYMBOLS = NO;
				GCC_PRECOMPILE_PREFIX_HEADER = YES;
				GCC_PREFIX_HEADER = scourge_Prefix.pch;
				GCC_WARN_ABOUT_MISSING_PROTOTYPES = YES;
				GCC_WARN_FOUR_CHARACTER_CONSTANTS = NO;
				GCC_WARN_UNKNOWN_PRAGMAS = NO;
				HEADER_SEARCH_PATHS = "$(HOME)/Library/Frameworks/SDL.framework/Headers";
				INFOPLIST_FILE = Info.plist;
				INSTALL_PATH = "$(HOME)/Applications";
				LIBRARY_SEARCH_PATHS = "";
				OTHER_CFLAGS = "";
				OTHER_LDFLAGS = "-framework SDL -framework Foundation -framework AppKit -framework OpenGL -framework GLUT";
				PRODUCT_NAME = scourge;
				SECTORDER_FLAGS = "";
				WARNING_CFLAGS = "-Wmost -Wno-four-char-constants -Wno-unknown-pragmas";
				WRAPPER_EXTENSION = app;
			};
			dependencies = (
			);
			isa = PBXNativeTarget;
			name = scourge;
			productInstallPath = "$(HOME)/Applications";
			productName = scourge;
			productReference = 8D1107320486CEB800E47090;
			productType = "com.apple.product-type.application";
		};
		8D1107270486CEB800E47090 = {
			buildActionMask = 2147483647;
			files = (
				8D1107280486CEB800E47090,
				7674A88805D5FE5900A583B9,
				762AF865066D856300B92069,
				762AF867066D856300B92069,
				762AF869066D856300B92069,
				762AF86B066D856300B92069,
				762AF870066D856300B92069,
				762AF872066D856300B92069,
				762AF874066D856300B92069,
				762AF876066D856300B92069,
				762AF87A066D856300B92069,
				762AF87C066D856300B92069,
				762AF87E066D856300B92069,
				762AF880066D856300B92069,
				762AF882066D856300B92069,
				762AF884066D856300B92069,
				762AF886066D856300B92069,
				762AF888066D856300B92069,
				762AF88A066D856300B92069,
				762AF88C066D856300B92069,
				762AF88E066D856300B92069,
				762AF890066D856300B92069,
				762AF891066D856300B92069,
				762AF893066D856300B92069,
				762AF895066D856300B92069,
				762AF897066D856300B92069,
				762AF899066D856300B92069,
				762AF89B066D856300B92069,
				762AF89D066D856300B92069,
				762AF89F066D856300B92069,
				762AF8A1066D856300B92069,
				762AF8A4066D856300B92069,
				762AF8A6066D856300B92069,
				762AF8A8066D856300B92069,
				762AF8AA066D856300B92069,
				762AF8AC066D856300B92069,
				762AF8AE066D856300B92069,
				762AF8B0066D856300B92069,
				762AF8B2066D856300B92069,
				762AF8B4066D856300B92069,
				762AF8B6066D856300B92069,
				762AF8B8066D856300B92069,
				762AF8BA066D856300B92069,
				762AF8BC066D856300B92069,
				762AF8BE066D856300B92069,
				762AF8C0066D856300B92069,
				762AF8C2066D856300B92069,
				762AF8C4066D856300B92069,
				762AF8C6066D856300B92069,
				76DDD12D06CD684C0023850F,
				76DDD12F06CD684C0023850F,
				76DDD13106CD684C0023850F,
			);
			isa = PBXHeadersBuildPhase;
			runOnlyForDeploymentPostprocessing = 0;
		};
		8D1107280486CEB800E47090 = {
			fileRef = 32CA4F630368D1EE00C91783;
			isa = PBXBuildFile;
			settings = {
			};
		};
		8D1107290486CEB800E47090 = {
			buildActionMask = 2147483647;
			files = (
				7674A88A05D5FE5900A583B9,
				7674A89005D5FED300A583B9,
				763630E905D61253007F401E,
			);
			isa = PBXResourcesBuildPhase;
			runOnlyForDeploymentPostprocessing = 0;
		};
		8D11072C0486CEB800E47090 = {
			buildActionMask = 2147483647;
			files = (
				7674A88905D5FE5900A583B9,
				762AF864066D856300B92069,
				762AF866066D856300B92069,
				762AF868066D856300B92069,
				762AF86A066D856300B92069,
				762AF86F066D856300B92069,
				762AF871066D856300B92069,
				762AF873066D856300B92069,
				762AF875066D856300B92069,
				762AF879066D856300B92069,
				762AF87B066D856300B92069,
				762AF87D066D856300B92069,
				762AF87F066D856300B92069,
				762AF881066D856300B92069,
				762AF883066D856300B92069,
				762AF885066D856300B92069,
				762AF887066D856300B92069,
				762AF889066D856300B92069,
				762AF88B066D856300B92069,
				762AF88D066D856300B92069,
				762AF88F066D856300B92069,
				762AF892066D856300B92069,
				762AF894066D856300B92069,
				762AF896066D856300B92069,
				762AF898066D856300B92069,
				762AF89A066D856300B92069,
				762AF89C066D856300B92069,
				762AF89E066D856300B92069,
				762AF8A0066D856300B92069,
				762AF8A2066D856300B92069,
				762AF8A3066D856300B92069,
				762AF8A5066D856300B92069,
				762AF8A7066D856300B92069,
				762AF8A9066D856300B92069,
				762AF8AB066D856300B92069,
				762AF8AD066D856300B92069,
				762AF8AF066D856300B92069,
				762AF8B1066D856300B92069,
				762AF8B3066D856300B92069,
				762AF8B5066D856300B92069,
				762AF8B7066D856300B92069,
				762AF8B9066D856300B92069,
				762AF8BB066D856300B92069,
				762AF8BD066D856300B92069,
				762AF8BF066D856300B92069,
				762AF8C1066D856300B92069,
				762AF8C3066D856300B92069,
				762AF8C5066D856300B92069,
				76DDD12C06CD684C0023850F,
				76DDD12E06CD684C0023850F,
				76DDD13006CD684C0023850F,
			);
			isa = PBXSourcesBuildPhase;
			runOnlyForDeploymentPostprocessing = 0;
		};
		8D11072E0486CEB800E47090 = {
			buildActionMask = 2147483647;
			files = (
				8D11072F0486CEB800E47090,
				7674A65A05D5F9EB00A583B9,
				7674A65B05D5F9EB00A583B9,
				7674A68505D5FA1600A583B9,
			);
			isa = PBXFrameworksBuildPhase;
			runOnlyForDeploymentPostprocessing = 0;
		};
		8D11072F0486CEB800E47090 = {
			fileRef = 1058C7A1FEA54F0111CA2CBB;
			isa = PBXBuildFile;
			settings = {
			};
		};
		8D1107320486CEB800E47090 = {
			explicitFileType = wrapper.application;
			includeInIndex = 0;
			isa = PBXFileReference;
			path = scourge.app;
			refType = 3;
			sourceTree = BUILT_PRODUCTS_DIR;
		};
	};
	rootObject = 29B97313FDCFA39411CA2CEA;
}
