// !$*UTF8*$!
{
	archiveVersion = 1;
	classes = {
	};
	objectVersion = 39;
	objects = {
		080E96DDFE201D6D7F000001 = {
			children = (
			);
			isa = PBXGroup;
			name = Classes;
			refType = 4;
			sourceTree = "<group>";
		};
//080
//081
//082
//083
//084
//100
//101
//102
//103
//104
		1058C7A0FEA54F0111CA2CBB = {
			children = (
				7674A65805D5F9EB00A583B9,
				7674A65905D5F9EB00A583B9,
				7674A68405D5FA1600A583B9,
				1058C7A1FEA54F0111CA2CBB,
			);
			isa = PBXGroup;
			name = "Linked Frameworks";
			refType = 4;
			sourceTree = "<group>";
		};
		1058C7A1FEA54F0111CA2CBB = {
			fallbackIsa = PBXFileReference;
			isa = PBXFrameworkReference;
			lastKnownFileType = wrapper.framework;
			name = Cocoa.framework;
			path = /System/Library/Frameworks/Cocoa.framework;
			refType = 0;
			sourceTree = "<absolute>";
		};
		1058C7A2FEA54F0111CA2CBB = {
			children = (
				29B97325FDCFA39411CA2CEA,
				29B97324FDCFA39411CA2CEA,
			);
			isa = PBXGroup;
			name = "Other Frameworks";
			refType = 4;
			sourceTree = "<group>";
		};
//100
//101
//102
//103
//104
//190
//191
//192
//193
//194
		19C28FACFE9D520D11CA2CBB = {
			children = (
				8D1107320486CEB800E47090,
			);
			isa = PBXGroup;
			name = Products;
			refType = 4;
			sourceTree = "<group>";
		};
//190
//191
//192
//193
//194
//290
//291
//292
//293
//294
		29B97313FDCFA39411CA2CEA = {
			buildSettings = {
			};
			buildStyles = (
				4A9504CCFFE6A4B311CA0CBA,
				4A9504CDFFE6A4B311CA0CBA,
			);
			hasScannedForEncodings = 1;
			isa = PBXProject;
			mainGroup = 29B97314FDCFA39411CA2CEA;
			projectDirPath = "";
			targets = (
				8D1107260486CEB800E47090,
			);
		};
		29B97314FDCFA39411CA2CEA = {
			children = (
				7625E6E80628F01E00B46520,
				7625E6E90628F01E00B46520,
				765695B006274F0C002205AC,
				765695B106274F0C002205AC,
				765695B206274F0C002205AC,
				765695B306274F0C002205AC,
				765695B406274F0C002205AC,
				765695B506274F0C002205AC,
				765695B606274F0C002205AC,
				765695B706274F0C002205AC,
				765695B806274F0C002205AC,
				765695B906274F0C002205AC,
				765695BA06274F0C002205AC,
				765695BB06274F0C002205AC,
				765695BC06274F0C002205AC,
				765695BD06274F0C002205AC,
				7656958506274E73002205AC,
				7656958606274E73002205AC,
				7656958706274E73002205AC,
				7656958806274E73002205AC,
				7656958906274E73002205AC,
				7656958A06274E73002205AC,
				7656956F06274E30002205AC,
				7656957006274E30002205AC,
				7656957106274E30002205AC,
				7656957206274E30002205AC,
				7656957306274E30002205AC,
				7656957406274E30002205AC,
				7625A9FE05F46C45005D9F4F,
				7625A9FF05F46C45005D9F4F,
				7625A9DA05F46B48005D9F4F,
				7625A9DB05F46B48005D9F4F,
				7625A9DC05F46B48005D9F4F,
				7625A9DD05F46B48005D9F4F,
				080E96DDFE201D6D7F000001,
				29B97315FDCFA39411CA2CEA,
				29B97317FDCFA39411CA2CEA,
				29B97323FDCFA39411CA2CEA,
				19C28FACFE9D520D11CA2CBB,
				7674A5F605D5F9B500A583B9,
				7674A5F705D5F9B500A583B9,
				7674A5F805D5F9B500A583B9,
				7674A5F905D5F9B500A583B9,
				7674A5FA05D5F9B500A583B9,
				7674A5FB05D5F9B500A583B9,
				7674A5FC05D5F9B500A583B9,
				7674A5FD05D5F9B500A583B9,
				7674A5FE05D5F9B500A583B9,
				7674A5FF05D5F9B500A583B9,
				7674A60005D5F9B500A583B9,
				7674A60105D5F9B500A583B9,
				7674A60205D5F9B500A583B9,
				7674A60305D5F9B500A583B9,
				7674A60605D5F9B500A583B9,
				7674A60705D5F9B500A583B9,
				7674A60805D5F9B500A583B9,
				7674A60905D5F9B500A583B9,
				7674A60A05D5F9B500A583B9,
				7674A60B05D5F9B500A583B9,
				7674A60C05D5F9B500A583B9,
				7674A60D05D5F9B500A583B9,
				7674A60E05D5F9B500A583B9,
				7674A60F05D5F9B500A583B9,
				7674A61005D5F9B500A583B9,
				7674A61105D5F9B500A583B9,
				7674A61205D5F9B500A583B9,
				7674A61305D5F9B500A583B9,
				7674A61405D5F9B500A583B9,
				7674A61505D5F9B500A583B9,
				7674A61605D5F9B500A583B9,
				7674A61705D5F9B500A583B9,
				7674A61805D5F9B500A583B9,
				7674A61905D5F9B500A583B9,
				7674A61A05D5F9B500A583B9,
				7674A61B05D5F9B500A583B9,
				7674A61C05D5F9B500A583B9,
				7674A61D05D5F9B500A583B9,
				7674A61E05D5F9B500A583B9,
				7674A61F05D5F9B500A583B9,
				7674A62005D5F9B500A583B9,
				7674A62105D5F9B500A583B9,
				7674A62205D5F9B500A583B9,
				7674A62305D5F9B500A583B9,
				7674A62405D5F9B500A583B9,
				7674A88505D5FE5900A583B9,
				7674A88605D5FE5900A583B9,
				7674A88705D5FE5900A583B9,
				7674A88F05D5FED300A583B9,
				763630E805D61253007F401E,
			);
			isa = PBXGroup;
			name = scourge;
			path = "";
			refType = 4;
			sourceTree = "<group>";
		};
		29B97315FDCFA39411CA2CEA = {
			children = (
				32CA4F630368D1EE00C91783,
			);
			isa = PBXGroup;
			name = "Other Sources";
			path = "";
			refType = 4;
			sourceTree = "<group>";
		};
		29B97317FDCFA39411CA2CEA = {
			children = (
			);
			isa = PBXGroup;
			name = Resources;
			path = "";
			refType = 4;
			sourceTree = "<group>";
		};
		29B97323FDCFA39411CA2CEA = {
			children = (
				1058C7A0FEA54F0111CA2CBB,
				1058C7A2FEA54F0111CA2CBB,
			);
			isa = PBXGroup;
			name = Frameworks;
			path = "";
			refType = 4;
			sourceTree = "<group>";
		};
		29B97324FDCFA39411CA2CEA = {
			fallbackIsa = PBXFileReference;
			isa = PBXFrameworkReference;
			lastKnownFileType = wrapper.framework;
			name = AppKit.framework;
			path = /System/Library/Frameworks/AppKit.framework;
			refType = 0;
			sourceTree = "<absolute>";
		};
		29B97325FDCFA39411CA2CEA = {
			fallbackIsa = PBXFileReference;
			isa = PBXFrameworkReference;
			lastKnownFileType = wrapper.framework;
			name = Foundation.framework;
			path = /System/Library/Frameworks/Foundation.framework;
			refType = 0;
			sourceTree = "<absolute>";
		};
//290
//291
//292
//293
//294
//320
//321
//322
//323
//324
		32CA4F630368D1EE00C91783 = {
			fileEncoding = 4;
			isa = PBXFileReference;
			lastKnownFileType = sourcecode.c.h;
			path = scourge_Prefix.pch;
			refType = 4;
			sourceTree = "<group>";
		};
//320
//321
//322
//323
//324
//4A0
//4A1
//4A2
//4A3
//4A4
		4A9504CCFFE6A4B311CA0CBA = {
			buildRules = (
			);
			buildSettings = {
				COPY_PHASE_STRIP = NO;
				DEBUGGING_SYMBOLS = YES;
				GCC_DYNAMIC_NO_PIC = NO;
				GCC_ENABLE_FIX_AND_CONTINUE = YES;
				GCC_GENERATE_DEBUGGING_SYMBOLS = YES;
				GCC_OPTIMIZATION_LEVEL = 0;
				OPTIMIZATION_CFLAGS = "-O0";
				ZERO_LINK = YES;
			};
			isa = PBXBuildStyle;
			name = Development;
		};
		4A9504CDFFE6A4B311CA0CBA = {
			buildRules = (
			);
			buildSettings = {
				COPY_PHASE_STRIP = YES;
				GCC_ENABLE_FIX_AND_CONTINUE = NO;
				ZERO_LINK = NO;
			};
			isa = PBXBuildStyle;
			name = Deployment;
		};
//4A0
//4A1
//4A2
//4A3
//4A4
//760
//761
//762
//763
//764
		7625A9DA05F46B48005D9F4F = {
			fileEncoding = 30;
			isa = PBXFileReference;
			lastKnownFileType = sourcecode.cpp.cpp;
			name = 3ds.cpp;
			path = ../../src/3ds.cpp;
			refType = 2;
			sourceTree = SOURCE_ROOT;
			usesTabs = 0;
		};
		7625A9DB05F46B48005D9F4F = {
			fileEncoding = 30;
			isa = PBXFileReference;
			lastKnownFileType = sourcecode.c.h;
			name = 3ds.h;
			path = ../../src/3ds.h;
			refType = 2;
			sourceTree = SOURCE_ROOT;
			usesTabs = 0;
		};
		7625A9DC05F46B48005D9F4F = {
			fileEncoding = 30;
			isa = PBXFileReference;
			lastKnownFileType = sourcecode.cpp.cpp;
			name = 3dsshape.cpp;
			path = ../../src/3dsshape.cpp;
			refType = 2;
			sourceTree = SOURCE_ROOT;
			usesTabs = 0;
		};
		7625A9DD05F46B48005D9F4F = {
			fileEncoding = 30;
			isa = PBXFileReference;
			lastKnownFileType = sourcecode.c.h;
			name = 3dsshape.h;
			path = ../../src/3dsshape.h;
			refType = 2;
			sourceTree = SOURCE_ROOT;
			usesTabs = 0;
		};
		7625A9DE05F46B48005D9F4F = {
			fileRef = 7625A9DA05F46B48005D9F4F;
			isa = PBXBuildFile;
			settings = {
			};
		};
		7625A9DF05F46B48005D9F4F = {
			fileRef = 7625A9DB05F46B48005D9F4F;
			isa = PBXBuildFile;
			settings = {
			};
		};
		7625A9E105F46B48005D9F4F = {
			fileRef = 7625A9DD05F46B48005D9F4F;
			isa = PBXBuildFile;
			settings = {
			};
		};
		7625A9FE05F46C45005D9F4F = {
			fileEncoding = 30;
			isa = PBXFileReference;
			lastKnownFileType = sourcecode.cpp.cpp;
			name = minimap.cpp;
			path = ../../src/minimap.cpp;
			refType = 2;
			sourceTree = SOURCE_ROOT;
			usesTabs = 0;
		};
		7625A9FF05F46C45005D9F4F = {
			fileEncoding = 30;
			isa = PBXFileReference;
			lastKnownFileType = sourcecode.c.h;
			name = minimap.h;
			path = ../../src/minimap.h;
			refType = 2;
			sourceTree = SOURCE_ROOT;
			usesTabs = 0;
		};
		7625AA0005F46C45005D9F4F = {
			fileRef = 7625A9FE05F46C45005D9F4F;
			isa = PBXBuildFile;
			settings = {
			};
		};
		7625AA0105F46C45005D9F4F = {
			fileRef = 7625A9FF05F46C45005D9F4F;
			isa = PBXBuildFile;
			settings = {
			};
		};
		7625E6480628E75F00B46520 = {
			fileRef = 7625A9DC05F46B48005D9F4F;
			isa = PBXBuildFile;
			settings = {
			};
		};
		7625E6E80628F01E00B46520 = {
			fileEncoding = 30;
			isa = PBXFileReference;
			lastKnownFileType = sourcecode.cpp.cpp;
			name = checkbox.cpp;
			path = ../../src/gui/checkbox.cpp;
			refType = 2;
			sourceTree = SOURCE_ROOT;
		};
		7625E6E90628F01E00B46520 = {
			fileEncoding = 30;
			isa = PBXFileReference;
			lastKnownFileType = sourcecode.c.h;
			name = checkbox.h;
			path = ../../src/gui/checkbox.h;
			refType = 2;
			sourceTree = SOURCE_ROOT;
		};
		7625E6EA0628F01E00B46520 = {
			fileRef = 7625E6E80628F01E00B46520;
			isa = PBXBuildFile;
			settings = {
			};
		};
		7625E6EB0628F01E00B46520 = {
			fileRef = 7625E6E90628F01E00B46520;
			isa = PBXBuildFile;
			settings = {
			};
		};
		763630E805D61253007F401E = {
			isa = PBXFileReference;
			lastKnownFileType = image.icns;
			name = icon.icns;
			path = ../icon.icns;
			refType = 2;
			sourceTree = SOURCE_ROOT;
		};
		763630E905D61253007F401E = {
			fileRef = 763630E805D61253007F401E;
			isa = PBXBuildFile;
			settings = {
			};
		};
		7656956F06274E30002205AC = {
			fileEncoding = 30;
			isa = PBXFileReference;
			lastKnownFileType = sourcecode.cpp.cpp;
			name = effect.cpp;
			path = ../../src/effect.cpp;
			refType = 2;
			sourceTree = SOURCE_ROOT;
			usesTabs = 0;
		};
		7656957006274E30002205AC = {
			fileEncoding = 30;
			isa = PBXFileReference;
			lastKnownFileType = sourcecode.c.h;
			name = effect.h;
			path = ../../src/effect.h;
			refType = 2;
			sourceTree = SOURCE_ROOT;
			usesTabs = 0;
		};
		7656957106274E30002205AC = {
			fileEncoding = 30;
			isa = PBXFileReference;
			lastKnownFileType = sourcecode.cpp.cpp;
			name = optionsmenu.cpp;
			path = ../../src/optionsmenu.cpp;
			refType = 2;
			sourceTree = SOURCE_ROOT;
			usesTabs = 0;
		};
		7656957206274E30002205AC = {
			fileEncoding = 30;
			isa = PBXFileReference;
			lastKnownFileType = sourcecode.c.h;
			name = optionsmenu.h;
			path = ../../src/optionsmenu.h;
			refType = 2;
			sourceTree = SOURCE_ROOT;
			usesTabs = 0;
		};
		7656957306274E30002205AC = {
			fileEncoding = 30;
			isa = PBXFileReference;
			lastKnownFileType = sourcecode.cpp.cpp;
			name = userconfiguration.cpp;
			path = ../../src/userconfiguration.cpp;
			refType = 2;
			sourceTree = SOURCE_ROOT;
			usesTabs = 0;
		};
		7656957406274E30002205AC = {
			fileEncoding = 30;
			isa = PBXFileReference;
			lastKnownFileType = sourcecode.c.h;
			name = userconfiguration.h;
			path = ../../src/userconfiguration.h;
			refType = 2;
			sourceTree = SOURCE_ROOT;
			usesTabs = 0;
		};
		7656957506274E30002205AC = {
			fileRef = 7656956F06274E30002205AC;
			isa = PBXBuildFile;
			settings = {
			};
		};
		7656957606274E30002205AC = {
			fileRef = 7656957006274E30002205AC;
			isa = PBXBuildFile;
			settings = {
			};
		};
		7656957706274E30002205AC = {
			fileRef = 7656957106274E30002205AC;
			isa = PBXBuildFile;
			settings = {
			};
		};
		7656957806274E30002205AC = {
			fileRef = 7656957206274E30002205AC;
			isa = PBXBuildFile;
			settings = {
			};
		};
		7656957906274E30002205AC = {
			fileRef = 7656957306274E30002205AC;
			isa = PBXBuildFile;
			settings = {
			};
		};
		7656957A06274E30002205AC = {
			fileRef = 7656957406274E30002205AC;
			isa = PBXBuildFile;
			settings = {
			};
		};
		7656958506274E73002205AC = {
			fileEncoding = 30;
			isa = PBXFileReference;
			lastKnownFileType = sourcecode.cpp.cpp;
			name = character.cpp;
			path = ../../src/rpg/character.cpp;
			refType = 2;
			sourceTree = SOURCE_ROOT;
			usesTabs = 0;
		};
		7656958606274E73002205AC = {
			fileEncoding = 30;
			isa = PBXFileReference;
			lastKnownFileType = sourcecode.c.h;
			name = character.h;
			path = ../../src/rpg/character.h;
			refType = 2;
			sourceTree = SOURCE_ROOT;
			usesTabs = 0;
		};
		7656958706274E73002205AC = {
			fileEncoding = 30;
			isa = PBXFileReference;
			lastKnownFileType = sourcecode.cpp.cpp;
			name = monster.cpp;
			path = ../../src/rpg/monster.cpp;
			refType = 2;
			sourceTree = SOURCE_ROOT;
			usesTabs = 0;
		};
		7656958806274E73002205AC = {
			fileEncoding = 30;
			isa = PBXFileReference;
			lastKnownFileType = sourcecode.c.h;
			name = monster.h;
			path = ../../src/rpg/monster.h;
			refType = 2;
			sourceTree = SOURCE_ROOT;
			usesTabs = 0;
		};
		7656958906274E73002205AC = {
			fileEncoding = 30;
			isa = PBXFileReference;
			lastKnownFileType = sourcecode.cpp.cpp;
			name = rpgitem.cpp;
			path = ../../src/rpg/rpgitem.cpp;
			refType = 2;
			sourceTree = SOURCE_ROOT;
			usesTabs = 0;
		};
		7656958A06274E73002205AC = {
			fileEncoding = 30;
			isa = PBXFileReference;
			lastKnownFileType = sourcecode.c.h;
			name = rpgitem.h;
			path = ../../src/rpg/rpgitem.h;
			refType = 2;
			sourceTree = SOURCE_ROOT;
			usesTabs = 0;
		};
		7656958B06274E73002205AC = {
			fileRef = 7656958506274E73002205AC;
			isa = PBXBuildFile;
			settings = {
			};
		};
		7656958C06274E73002205AC = {
			fileRef = 7656958606274E73002205AC;
			isa = PBXBuildFile;
			settings = {
			};
		};
		7656958D06274E73002205AC = {
			fileRef = 7656958706274E73002205AC;
			isa = PBXBuildFile;
			settings = {
			};
		};
		7656958E06274E73002205AC = {
			fileRef = 7656958806274E73002205AC;
			isa = PBXBuildFile;
			settings = {
			};
		};
		7656958F06274E73002205AC = {
			fileRef = 7656958906274E73002205AC;
			isa = PBXBuildFile;
			settings = {
			};
		};
		7656959006274E73002205AC = {
			fileRef = 7656958A06274E73002205AC;
			isa = PBXBuildFile;
			settings = {
			};
		};
		765695B006274F0C002205AC = {
			fileEncoding = 30;
			isa = PBXFileReference;
			lastKnownFileType = sourcecode.cpp.cpp;
			name = button.cpp;
			path = ../../src/gui/button.cpp;
			refType = 2;
			sourceTree = SOURCE_ROOT;
			usesTabs = 0;
		};
		765695B106274F0C002205AC = {
			fileEncoding = 30;
			isa = PBXFileReference;
			lastKnownFileType = sourcecode.c.h;
			name = button.h;
			path = ../../src/gui/button.h;
			refType = 2;
			sourceTree = SOURCE_ROOT;
			usesTabs = 0;
		};
		765695B206274F0C002205AC = {
			fileEncoding = 30;
			isa = PBXFileReference;
			lastKnownFileType = sourcecode.cpp.cpp;
			name = cardcontainer.cpp;
			path = ../../src/gui/cardcontainer.cpp;
			refType = 2;
			sourceTree = SOURCE_ROOT;
			usesTabs = 0;
		};
		765695B306274F0C002205AC = {
			fileEncoding = 30;
			isa = PBXFileReference;
			lastKnownFileType = sourcecode.c.h;
			name = cardcontainer.h;
			path = ../../src/gui/cardcontainer.h;
			refType = 2;
			sourceTree = SOURCE_ROOT;
			usesTabs = 0;
		};
		765695B406274F0C002205AC = {
			fileEncoding = 30;
			isa = PBXFileReference;
			lastKnownFileType = sourcecode.cpp.cpp;
			name = label.cpp;
			path = ../../src/gui/label.cpp;
			refType = 2;
			sourceTree = SOURCE_ROOT;
			usesTabs = 0;
		};
		765695B506274F0C002205AC = {
			fileEncoding = 30;
			isa = PBXFileReference;
			lastKnownFileType = sourcecode.c.h;
			name = label.h;
			path = ../../src/gui/label.h;
			refType = 2;
			sourceTree = SOURCE_ROOT;
			usesTabs = 0;
		};
		765695B606274F0C002205AC = {
			fileEncoding = 30;
			isa = PBXFileReference;
			lastKnownFileType = sourcecode.cpp.cpp;
			name = multiplelabel.cpp;
			path = ../../src/gui/multiplelabel.cpp;
			refType = 2;
			sourceTree = SOURCE_ROOT;
			usesTabs = 0;
		};
		765695B706274F0C002205AC = {
			fileEncoding = 30;
			isa = PBXFileReference;
			lastKnownFileType = sourcecode.c.h;
			name = multiplelabel.h;
			path = ../../src/gui/multiplelabel.h;
			refType = 2;
			sourceTree = SOURCE_ROOT;
			usesTabs = 0;
		};
		765695B806274F0C002205AC = {
			fileEncoding = 30;
			isa = PBXFileReference;
			lastKnownFileType = sourcecode.cpp.cpp;
			name = scrollinglist.cpp;
			path = ../../src/gui/scrollinglist.cpp;
			refType = 2;
			sourceTree = SOURCE_ROOT;
			usesTabs = 0;
		};
		765695B906274F0C002205AC = {
			fileEncoding = 30;
			isa = PBXFileReference;
			lastKnownFileType = sourcecode.c.h;
			name = scrollinglist.h;
			path = ../../src/gui/scrollinglist.h;
			refType = 2;
			sourceTree = SOURCE_ROOT;
			usesTabs = 0;
		};
		765695BA06274F0C002205AC = {
			fileEncoding = 30;
			isa = PBXFileReference;
			lastKnownFileType = sourcecode.cpp.cpp;
			name = widget.cpp;
			path = ../../src/gui/widget.cpp;
			refType = 2;
			sourceTree = SOURCE_ROOT;
			usesTabs = 0;
		};
		765695BB06274F0C002205AC = {
			fileEncoding = 30;
			isa = PBXFileReference;
			lastKnownFileType = sourcecode.c.h;
			name = widget.h;
			path = ../../src/gui/widget.h;
			refType = 2;
			sourceTree = SOURCE_ROOT;
			usesTabs = 0;
		};
		765695BC06274F0C002205AC = {
			fileEncoding = 30;
			isa = PBXFileReference;
			lastKnownFileType = sourcecode.cpp.cpp;
			name = window.cpp;
			path = ../../src/gui/window.cpp;
			refType = 2;
			sourceTree = SOURCE_ROOT;
			usesTabs = 0;
		};
		765695BD06274F0C002205AC = {
			fileEncoding = 30;
			isa = PBXFileReference;
			lastKnownFileType = sourcecode.c.h;
			name = window.h;
			path = ../../src/gui/window.h;
			refType = 2;
			sourceTree = SOURCE_ROOT;
			usesTabs = 0;
		};
		765695BE06274F0C002205AC = {
			fileRef = 765695B006274F0C002205AC;
			isa = PBXBuildFile;
			settings = {
			};
		};
		765695BF06274F0C002205AC = {
			fileRef = 765695B106274F0C002205AC;
			isa = PBXBuildFile;
			settings = {
			};
		};
		765695C006274F0C002205AC = {
			fileRef = 765695B206274F0C002205AC;
			isa = PBXBuildFile;
			settings = {
			};
		};
		765695C106274F0C002205AC = {
			fileRef = 765695B306274F0C002205AC;
			isa = PBXBuildFile;
			settings = {
			};
		};
		765695C206274F0C002205AC = {
			fileRef = 765695B406274F0C002205AC;
			isa = PBXBuildFile;
			settings = {
			};
		};
		765695C306274F0C002205AC = {
			fileRef = 765695B506274F0C002205AC;
			isa = PBXBuildFile;
			settings = {
			};
		};
		765695C406274F0C002205AC = {
			fileRef = 765695B606274F0C002205AC;
			isa = PBXBuildFile;
			settings = {
			};
		};
		765695C506274F0C002205AC = {
			fileRef = 765695B706274F0C002205AC;
			isa = PBXBuildFile;
			settings = {
			};
		};
		765695C606274F0C002205AC = {
			fileRef = 765695B806274F0C002205AC;
			isa = PBXBuildFile;
			settings = {
			};
		};
		765695C706274F0C002205AC = {
			fileRef = 765695B906274F0C002205AC;
			isa = PBXBuildFile;
			settings = {
			};
		};
		765695C806274F0C002205AC = {
			fileRef = 765695BA06274F0C002205AC;
			isa = PBXBuildFile;
			settings = {
			};
		};
		765695C906274F0C002205AC = {
			fileRef = 765695BB06274F0C002205AC;
			isa = PBXBuildFile;
			settings = {
			};
		};
		765695CA06274F0C002205AC = {
			fileRef = 765695BC06274F0C002205AC;
			isa = PBXBuildFile;
			settings = {
			};
		};
		765695CB06274F0C002205AC = {
			fileRef = 765695BD06274F0C002205AC;
			isa = PBXBuildFile;
			settings = {
			};
		};
		7674A5F605D5F9B500A583B9 = {
			fileEncoding = 30;
			isa = PBXFileReference;
			lastKnownFileType = sourcecode.cpp.cpp;
			name = constants.cpp;
			path = ../../src/constants.cpp;
			refType = 2;
			sourceTree = SOURCE_ROOT;
		};
		7674A5F705D5F9B500A583B9 = {
			fileEncoding = 30;
			isa = PBXFileReference;
			lastKnownFileType = sourcecode.c.h;
			name = constants.h;
			path = ../../src/constants.h;
			refType = 2;
			sourceTree = SOURCE_ROOT;
		};
		7674A5F805D5F9B500A583B9 = {
			fileEncoding = 30;
			isa = PBXFileReference;
			lastKnownFileType = sourcecode.cpp.cpp;
			name = creature.cpp;
			path = ../../src/creature.cpp;
			refType = 2;
			sourceTree = SOURCE_ROOT;
		};
		7674A5F905D5F9B500A583B9 = {
			fileEncoding = 30;
			isa = PBXFileReference;
			lastKnownFileType = sourcecode.c.h;
			name = creature.h;
			path = ../../src/creature.h;
			refType = 2;
			sourceTree = SOURCE_ROOT;
		};
		7674A5FA05D5F9B500A583B9 = {
			fileEncoding = 30;
			isa = PBXFileReference;
			lastKnownFileType = sourcecode.cpp.cpp;
			name = debugshape.cpp;
			path = ../../src/debugshape.cpp;
			refType = 2;
			sourceTree = SOURCE_ROOT;
		};
		7674A5FB05D5F9B500A583B9 = {
			fileEncoding = 30;
			isa = PBXFileReference;
			lastKnownFileType = sourcecode.c.h;
			name = debugshape.h;
			path = ../../src/debugshape.h;
			refType = 2;
			sourceTree = SOURCE_ROOT;
		};
		7674A5FC05D5F9B500A583B9 = {
			fileEncoding = 30;
			isa = PBXFileReference;
			lastKnownFileType = sourcecode.cpp.cpp;
			name = dungeongenerator.cpp;
			path = ../../src/dungeongenerator.cpp;
			refType = 2;
			sourceTree = SOURCE_ROOT;
		};
		7674A5FD05D5F9B500A583B9 = {
			fileEncoding = 30;
			isa = PBXFileReference;
			lastKnownFileType = sourcecode.c.h;
			name = dungeongenerator.h;
			path = ../../src/dungeongenerator.h;
			refType = 2;
			sourceTree = SOURCE_ROOT;
		};
		7674A5FE05D5F9B500A583B9 = {
			fileEncoding = 30;
			isa = PBXFileReference;
			lastKnownFileType = sourcecode.cpp.cpp;
			name = gllocator.cpp;
			path = ../../src/gllocator.cpp;
			refType = 2;
			sourceTree = SOURCE_ROOT;
		};
		7674A5FF05D5F9B500A583B9 = {
			fileEncoding = 30;
			isa = PBXFileReference;
			lastKnownFileType = sourcecode.c.h;
			name = gllocator.h;
			path = ../../src/gllocator.h;
			refType = 2;
			sourceTree = SOURCE_ROOT;
		};
		7674A60005D5F9B500A583B9 = {
			fileEncoding = 30;
			isa = PBXFileReference;
			lastKnownFileType = sourcecode.cpp.cpp;
			name = glshape.cpp;
			path = ../../src/glshape.cpp;
			refType = 2;
			sourceTree = SOURCE_ROOT;
		};
		7674A60105D5F9B500A583B9 = {
			fileEncoding = 30;
			isa = PBXFileReference;
			lastKnownFileType = sourcecode.c.h;
			name = glshape.h;
			path = ../../src/glshape.h;
			refType = 2;
			sourceTree = SOURCE_ROOT;
		};
		7674A60205D5F9B500A583B9 = {
			fileEncoding = 30;
			isa = PBXFileReference;
			lastKnownFileType = sourcecode.cpp.cpp;
			name = gltorch.cpp;
			path = ../../src/gltorch.cpp;
			refType = 2;
			sourceTree = SOURCE_ROOT;
		};
		7674A60305D5F9B500A583B9 = {
			fileEncoding = 30;
			isa = PBXFileReference;
			lastKnownFileType = sourcecode.c.h;
			name = gltorch.h;
			path = ../../src/gltorch.h;
			refType = 2;
			sourceTree = SOURCE_ROOT;
		};
		7674A60605D5F9B500A583B9 = {
			fileEncoding = 30;
			isa = PBXFileReference;
			lastKnownFileType = sourcecode.cpp.cpp;
			name = inventory.cpp;
			path = ../../src/inventory.cpp;
			refType = 2;
			sourceTree = SOURCE_ROOT;
		};
		7674A60705D5F9B500A583B9 = {
			fileEncoding = 30;
			isa = PBXFileReference;
			lastKnownFileType = sourcecode.c.h;
			name = inventory.h;
			path = ../../src/inventory.h;
			refType = 2;
			sourceTree = SOURCE_ROOT;
		};
		7674A60805D5F9B500A583B9 = {
			fileEncoding = 30;
			isa = PBXFileReference;
			lastKnownFileType = sourcecode.cpp.cpp;
			name = item.cpp;
			path = ../../src/item.cpp;
			refType = 2;
			sourceTree = SOURCE_ROOT;
		};
		7674A60905D5F9B500A583B9 = {
			fileEncoding = 30;
			isa = PBXFileReference;
			lastKnownFileType = sourcecode.c.h;
			name = item.h;
			path = ../../src/item.h;
			refType = 2;
			sourceTree = SOURCE_ROOT;
		};
		7674A60A05D5F9B500A583B9 = {
			fileEncoding = 30;
			isa = PBXFileReference;
			lastKnownFileType = sourcecode.cpp.cpp;
			name = location.cpp;
			path = ../../src/location.cpp;
			refType = 2;
			sourceTree = SOURCE_ROOT;
		};
		7674A60B05D5F9B500A583B9 = {
			fileEncoding = 30;
			isa = PBXFileReference;
			lastKnownFileType = sourcecode.c.h;
			name = location.h;
			path = ../../src/location.h;
			refType = 2;
			sourceTree = SOURCE_ROOT;
		};
		7674A60C05D5F9B500A583B9 = {
			fileEncoding = 30;
			isa = PBXFileReference;
			lastKnownFileType = sourcecode.cpp.cpp;
			name = main.cpp;
			path = ../../src/main.cpp;
			refType = 2;
			sourceTree = SOURCE_ROOT;
		};
		7674A60D05D5F9B500A583B9 = {
			fileEncoding = 30;
			isa = PBXFileReference;
			lastKnownFileType = sourcecode.cpp.cpp;
			name = mainmenu.cpp;
			path = ../../src/mainmenu.cpp;
			refType = 2;
			sourceTree = SOURCE_ROOT;
		};
		7674A60E05D5F9B500A583B9 = {
			fileEncoding = 30;
			isa = PBXFileReference;
			lastKnownFileType = sourcecode.c.h;
			name = mainmenu.h;
			path = ../../src/mainmenu.h;
			refType = 2;
			sourceTree = SOURCE_ROOT;
		};
		7674A60F05D5F9B500A583B9 = {
			fileEncoding = 30;
			isa = PBXFileReference;
			lastKnownFileType = sourcecode.cpp.cpp;
			name = map.cpp;
			path = ../../src/map.cpp;
			refType = 2;
			sourceTree = SOURCE_ROOT;
		};
		7674A61005D5F9B500A583B9 = {
			fileEncoding = 30;
			isa = PBXFileReference;
			lastKnownFileType = sourcecode.c.h;
			name = map.h;
			path = ../../src/map.h;
			refType = 2;
			sourceTree = SOURCE_ROOT;
		};
		7674A61105D5F9B500A583B9 = {
			fileEncoding = 30;
			isa = PBXFileReference;
			lastKnownFileType = sourcecode.cpp.cpp;
			name = Md2.cpp;
			path = ../../src/Md2.cpp;
			refType = 2;
			sourceTree = SOURCE_ROOT;
		};
		7674A61205D5F9B500A583B9 = {
			fileEncoding = 30;
			isa = PBXFileReference;
			lastKnownFileType = sourcecode.c.h;
			name = Md2.h;
			path = ../../src/Md2.h;
			refType = 2;
			sourceTree = SOURCE_ROOT;
		};
		7674A61305D5F9B500A583B9 = {
			fileEncoding = 30;
			isa = PBXFileReference;
			lastKnownFileType = sourcecode.cpp.cpp;
			name = md2shape.cpp;
			path = ../../src/md2shape.cpp;
			refType = 2;
			sourceTree = SOURCE_ROOT;
		};
		7674A61405D5F9B500A583B9 = {
			fileEncoding = 30;
			isa = PBXFileReference;
			lastKnownFileType = sourcecode.c.h;
			name = md2shape.h;
			path = ../../src/md2shape.h;
			refType = 2;
			sourceTree = SOURCE_ROOT;
		};
		7674A61505D5F9B500A583B9 = {
			fileEncoding = 30;
			isa = PBXFileReference;
			lastKnownFileType = sourcecode.cpp.cpp;
			name = scourge.cpp;
			path = ../../src/scourge.cpp;
			refType = 2;
			sourceTree = SOURCE_ROOT;
		};
		7674A61605D5F9B500A583B9 = {
			fileEncoding = 30;
			isa = PBXFileReference;
			lastKnownFileType = sourcecode.c.h;
			name = scourge.h;
			path = ../../src/scourge.h;
			refType = 2;
			sourceTree = SOURCE_ROOT;
		};
		7674A61705D5F9B500A583B9 = {
			fileEncoding = 30;
			isa = PBXFileReference;
			lastKnownFileType = sourcecode.cpp.cpp;
			name = sdleventhandler.cpp;
			path = ../../src/sdleventhandler.cpp;
			refType = 2;
			sourceTree = SOURCE_ROOT;
		};
		7674A61805D5F9B500A583B9 = {
			fileEncoding = 30;
			isa = PBXFileReference;
			lastKnownFileType = sourcecode.c.h;
			name = sdleventhandler.h;
			path = ../../src/sdleventhandler.h;
			refType = 2;
			sourceTree = SOURCE_ROOT;
		};
		7674A61905D5F9B500A583B9 = {
			fileEncoding = 30;
			isa = PBXFileReference;
			lastKnownFileType = sourcecode.cpp.cpp;
			name = sdlhandler.cpp;
			path = ../../src/sdlhandler.cpp;
			refType = 2;
			sourceTree = SOURCE_ROOT;
		};
		7674A61A05D5F9B500A583B9 = {
			fileEncoding = 30;
			isa = PBXFileReference;
			lastKnownFileType = sourcecode.c.h;
			name = sdlhandler.h;
			path = ../../src/sdlhandler.h;
			refType = 2;
			sourceTree = SOURCE_ROOT;
		};
		7674A61B05D5F9B500A583B9 = {
			fileEncoding = 30;
			isa = PBXFileReference;
			lastKnownFileType = sourcecode.cpp.cpp;
			name = sdlscreenview.cpp;
			path = ../../src/sdlscreenview.cpp;
			refType = 2;
			sourceTree = SOURCE_ROOT;
		};
		7674A61C05D5F9B500A583B9 = {
			fileEncoding = 30;
			isa = PBXFileReference;
			lastKnownFileType = sourcecode.c.h;
			name = sdlscreenview.h;
			path = ../../src/sdlscreenview.h;
			refType = 2;
			sourceTree = SOURCE_ROOT;
		};
		7674A61D05D5F9B500A583B9 = {
			fileEncoding = 30;
			isa = PBXFileReference;
			lastKnownFileType = sourcecode.cpp.cpp;
			name = shape.cpp;
			path = ../../src/shape.cpp;
			refType = 2;
			sourceTree = SOURCE_ROOT;
		};
		7674A61E05D5F9B500A583B9 = {
			fileEncoding = 30;
			isa = PBXFileReference;
			lastKnownFileType = sourcecode.c.h;
			name = shape.h;
			path = ../../src/shape.h;
			refType = 2;
			sourceTree = SOURCE_ROOT;
		};
		7674A61F05D5F9B500A583B9 = {
			fileEncoding = 30;
			isa = PBXFileReference;
			lastKnownFileType = sourcecode.cpp.cpp;
			name = shapepalette.cpp;
			path = ../../src/shapepalette.cpp;
			refType = 2;
			sourceTree = SOURCE_ROOT;
		};
		7674A62005D5F9B500A583B9 = {
			fileEncoding = 30;
			isa = PBXFileReference;
			lastKnownFileType = sourcecode.c.h;
			name = shapepalette.h;
			path = ../../src/shapepalette.h;
			refType = 2;
			sourceTree = SOURCE_ROOT;
		};
		7674A62105D5F9B500A583B9 = {
			fileEncoding = 30;
			isa = PBXFileReference;
			lastKnownFileType = sourcecode.cpp.cpp;
			name = text.cpp;
			path = ../../src/text.cpp;
			refType = 2;
			sourceTree = SOURCE_ROOT;
		};
		7674A62205D5F9B500A583B9 = {
			fileEncoding = 30;
			isa = PBXFileReference;
			lastKnownFileType = sourcecode.c.h;
			name = text.h;
			path = ../../src/text.h;
			refType = 2;
			sourceTree = SOURCE_ROOT;
		};
		7674A62305D5F9B500A583B9 = {
			fileEncoding = 30;
			isa = PBXFileReference;
			lastKnownFileType = sourcecode.cpp.cpp;
			name = util.cpp;
			path = ../../src/util.cpp;
			refType = 2;
			sourceTree = SOURCE_ROOT;
		};
		7674A62405D5F9B500A583B9 = {
			fileEncoding = 30;
			isa = PBXFileReference;
			lastKnownFileType = sourcecode.c.h;
			name = util.h;
			path = ../../src/util.h;
			refType = 2;
			sourceTree = SOURCE_ROOT;
		};
		7674A62705D5F9B600A583B9 = {
			fileRef = 7674A5F605D5F9B500A583B9;
			isa = PBXBuildFile;
			settings = {
			};
		};
		7674A62805D5F9B600A583B9 = {
			fileRef = 7674A5F705D5F9B500A583B9;
			isa = PBXBuildFile;
			settings = {
			};
		};
		7674A62905D5F9B600A583B9 = {
			fileRef = 7674A5F805D5F9B500A583B9;
			isa = PBXBuildFile;
			settings = {
			};
		};
		7674A62A05D5F9B600A583B9 = {
			fileRef = 7674A5F905D5F9B500A583B9;
			isa = PBXBuildFile;
			settings = {
			};
		};
		7674A62B05D5F9B600A583B9 = {
			fileRef = 7674A5FA05D5F9B500A583B9;
			isa = PBXBuildFile;
			settings = {
			};
		};
		7674A62C05D5F9B600A583B9 = {
			fileRef = 7674A5FB05D5F9B500A583B9;
			isa = PBXBuildFile;
			settings = {
			};
		};
		7674A62D05D5F9B600A583B9 = {
			fileRef = 7674A5FC05D5F9B500A583B9;
			isa = PBXBuildFile;
			settings = {
			};
		};
		7674A62E05D5F9B600A583B9 = {
			fileRef = 7674A5FD05D5F9B500A583B9;
			isa = PBXBuildFile;
			settings = {
			};
		};
		7674A62F05D5F9B600A583B9 = {
			fileRef = 7674A5FE05D5F9B500A583B9;
			isa = PBXBuildFile;
			settings = {
			};
		};
		7674A63005D5F9B600A583B9 = {
			fileRef = 7674A5FF05D5F9B500A583B9;
			isa = PBXBuildFile;
			settings = {
			};
		};
		7674A63105D5F9B600A583B9 = {
			fileRef = 7674A60005D5F9B500A583B9;
			isa = PBXBuildFile;
			settings = {
			};
		};
		7674A63205D5F9B600A583B9 = {
			fileRef = 7674A60105D5F9B500A583B9;
			isa = PBXBuildFile;
			settings = {
			};
		};
		7674A63305D5F9B600A583B9 = {
			fileRef = 7674A60205D5F9B500A583B9;
			isa = PBXBuildFile;
			settings = {
			};
		};
		7674A63405D5F9B600A583B9 = {
			fileRef = 7674A60305D5F9B500A583B9;
			isa = PBXBuildFile;
			settings = {
			};
		};
		7674A63705D5F9B600A583B9 = {
			fileRef = 7674A60605D5F9B500A583B9;
			isa = PBXBuildFile;
			settings = {
			};
		};
		7674A63805D5F9B600A583B9 = {
			fileRef = 7674A60705D5F9B500A583B9;
			isa = PBXBuildFile;
			settings = {
			};
		};
		7674A63905D5F9B600A583B9 = {
			fileRef = 7674A60805D5F9B500A583B9;
			isa = PBXBuildFile;
			settings = {
			};
		};
		7674A63A05D5F9B600A583B9 = {
			fileRef = 7674A60905D5F9B500A583B9;
			isa = PBXBuildFile;
			settings = {
			};
		};
		7674A63B05D5F9B600A583B9 = {
			fileRef = 7674A60A05D5F9B500A583B9;
			isa = PBXBuildFile;
			settings = {
			};
		};
		7674A63C05D5F9B600A583B9 = {
			fileRef = 7674A60B05D5F9B500A583B9;
			isa = PBXBuildFile;
			settings = {
			};
		};
		7674A63D05D5F9B600A583B9 = {
			fileRef = 7674A60C05D5F9B500A583B9;
			isa = PBXBuildFile;
			settings = {
			};
		};
		7674A63E05D5F9B600A583B9 = {
			fileRef = 7674A60D05D5F9B500A583B9;
			isa = PBXBuildFile;
			settings = {
			};
		};
		7674A63F05D5F9B600A583B9 = {
			fileRef = 7674A60E05D5F9B500A583B9;
			isa = PBXBuildFile;
			settings = {
			};
		};
		7674A64005D5F9B600A583B9 = {
			fileRef = 7674A60F05D5F9B500A583B9;
			isa = PBXBuildFile;
			settings = {
			};
		};
		7674A64105D5F9B600A583B9 = {
			fileRef = 7674A61005D5F9B500A583B9;
			isa = PBXBuildFile;
			settings = {
			};
		};
		7674A64205D5F9B600A583B9 = {
			fileRef = 7674A61105D5F9B500A583B9;
			isa = PBXBuildFile;
			settings = {
			};
		};
		7674A64305D5F9B600A583B9 = {
			fileRef = 7674A61205D5F9B500A583B9;
			isa = PBXBuildFile;
			settings = {
			};
		};
		7674A64405D5F9B600A583B9 = {
			fileRef = 7674A61305D5F9B500A583B9;
			isa = PBXBuildFile;
			settings = {
			};
		};
		7674A64505D5F9B600A583B9 = {
			fileRef = 7674A61405D5F9B500A583B9;
			isa = PBXBuildFile;
			settings = {
			};
		};
		7674A64605D5F9B600A583B9 = {
			fileRef = 7674A61505D5F9B500A583B9;
			isa = PBXBuildFile;
			settings = {
			};
		};
		7674A64705D5F9B600A583B9 = {
			fileRef = 7674A61605D5F9B500A583B9;
			isa = PBXBuildFile;
			settings = {
			};
		};
		7674A64805D5F9B600A583B9 = {
			fileRef = 7674A61705D5F9B500A583B9;
			isa = PBXBuildFile;
			settings = {
			};
		};
		7674A64905D5F9B600A583B9 = {
			fileRef = 7674A61805D5F9B500A583B9;
			isa = PBXBuildFile;
			settings = {
			};
		};
		7674A64A05D5F9B600A583B9 = {
			fileRef = 7674A61905D5F9B500A583B9;
			isa = PBXBuildFile;
			settings = {
			};
		};
		7674A64B05D5F9B600A583B9 = {
			fileRef = 7674A61A05D5F9B500A583B9;
			isa = PBXBuildFile;
			settings = {
			};
		};
		7674A64C05D5F9B600A583B9 = {
			fileRef = 7674A61B05D5F9B500A583B9;
			isa = PBXBuildFile;
			settings = {
			};
		};
		7674A64D05D5F9B600A583B9 = {
			fileRef = 7674A61C05D5F9B500A583B9;
			isa = PBXBuildFile;
			settings = {
			};
		};
		7674A64E05D5F9B600A583B9 = {
			fileRef = 7674A61D05D5F9B500A583B9;
			isa = PBXBuildFile;
			settings = {
			};
		};
		7674A64F05D5F9B600A583B9 = {
			fileRef = 7674A61E05D5F9B500A583B9;
			isa = PBXBuildFile;
			settings = {
			};
		};
		7674A65005D5F9B600A583B9 = {
			fileRef = 7674A61F05D5F9B500A583B9;
			isa = PBXBuildFile;
			settings = {
			};
		};
		7674A65105D5F9B600A583B9 = {
			fileRef = 7674A62005D5F9B500A583B9;
			isa = PBXBuildFile;
			settings = {
			};
		};
		7674A65205D5F9B600A583B9 = {
			fileRef = 7674A62105D5F9B500A583B9;
			isa = PBXBuildFile;
			settings = {
			};
		};
		7674A65305D5F9B600A583B9 = {
			fileRef = 7674A62205D5F9B500A583B9;
			isa = PBXBuildFile;
			settings = {
			};
		};
		7674A65405D5F9B600A583B9 = {
			fileRef = 7674A62305D5F9B500A583B9;
			isa = PBXBuildFile;
			settings = {
			};
		};
		7674A65505D5F9B600A583B9 = {
			fileRef = 7674A62405D5F9B500A583B9;
			isa = PBXBuildFile;
			settings = {
			};
		};
		7674A65805D5F9EB00A583B9 = {
			isa = PBXFileReference;
			lastKnownFileType = wrapper.framework;
			name = GLUT.framework;
			path = /System/Library/Frameworks/GLUT.framework;
			refType = 0;
			sourceTree = "<absolute>";
		};
		7674A65905D5F9EB00A583B9 = {
			isa = PBXFileReference;
			lastKnownFileType = wrapper.framework;
			name = OpenGL.framework;
			path = /System/Library/Frameworks/OpenGL.framework;
			refType = 0;
			sourceTree = "<absolute>";
		};
		7674A65A05D5F9EB00A583B9 = {
			fileRef = 7674A65805D5F9EB00A583B9;
			isa = PBXBuildFile;
			settings = {
			};
		};
		7674A65B05D5F9EB00A583B9 = {
			fileRef = 7674A65905D5F9EB00A583B9;
			isa = PBXBuildFile;
			settings = {
			};
		};
		7674A68405D5FA1600A583B9 = {
			isa = PBXFileReference;
			lastKnownFileType = wrapper.framework;
			name = SDL.framework;
			path = /Users/gabortorok/Library/Frameworks/SDL.framework;
			refType = 0;
			sourceTree = "<absolute>";
		};
		7674A68505D5FA1600A583B9 = {
			fileRef = 7674A68405D5FA1600A583B9;
			isa = PBXBuildFile;
			settings = {
			};
		};
		7674A88505D5FE5900A583B9 = {
			fileEncoding = 30;
			isa = PBXFileReference;
			lastKnownFileType = sourcecode.c.h;
			name = SDLMain.h;
			path = ../SDLMain.h;
			refType = 2;
			sourceTree = SOURCE_ROOT;
		};
		7674A88605D5FE5900A583B9 = {
			fileEncoding = 30;
			isa = PBXFileReference;
			lastKnownFileType = sourcecode.c.objc;
			name = SDLMain.m;
			path = ../SDLMain.m;
			refType = 2;
			sourceTree = SOURCE_ROOT;
		};
		7674A88705D5FE5900A583B9 = {
			isa = PBXFileReference;
			lastKnownFileType = wrapper.nib;
			name = SDLMain.nib;
			path = ../SDLMain.nib;
			refType = 2;
			sourceTree = SOURCE_ROOT;
		};
		7674A88805D5FE5900A583B9 = {
			fileRef = 7674A88505D5FE5900A583B9;
			isa = PBXBuildFile;
			settings = {
			};
		};
		7674A88905D5FE5900A583B9 = {
			fileRef = 7674A88605D5FE5900A583B9;
			isa = PBXBuildFile;
			settings = {
			};
		};
		7674A88A05D5FE5900A583B9 = {
			fileRef = 7674A88705D5FE5900A583B9;
			isa = PBXBuildFile;
			settings = {
			};
		};
		7674A88F05D5FED300A583B9 = {
			fileEncoding = 30;
			isa = PBXFileReference;
			lastKnownFileType = text.plist;
			path = Info.plist;
			refType = 4;
			sourceTree = "<group>";
		};
		7674A89005D5FED300A583B9 = {
			fileRef = 7674A88F05D5FED300A583B9;
			isa = PBXBuildFile;
			settings = {
			};
		};
//760
//761
//762
//763
//764
//8D0
//8D1
//8D2
//8D3
//8D4
		8D1107260486CEB800E47090 = {
			buildPhases = (
				8D1107270486CEB800E47090,
				8D1107290486CEB800E47090,
				8D11072C0486CEB800E47090,
				8D11072E0486CEB800E47090,
			);
			buildRules = (
			);
			buildSettings = {
				FRAMEWORK_SEARCH_PATHS = "\"$(HOME)/Library/Frameworks\" /Users/gabortorok/Library/Frameworks";
				GCC_ENABLE_TRIGRAPHS = NO;
				GCC_GENERATE_DEBUGGING_SYMBOLS = NO;
				GCC_PRECOMPILE_PREFIX_HEADER = YES;
				GCC_PREFIX_HEADER = scourge_Prefix.pch;
				GCC_WARN_ABOUT_MISSING_PROTOTYPES = YES;
				GCC_WARN_FOUR_CHARACTER_CONSTANTS = NO;
				GCC_WARN_UNKNOWN_PRAGMAS = NO;
				HEADER_SEARCH_PATHS = "$(HOME)/Library/Frameworks/SDL.framework/Headers";
				INFOPLIST_FILE = Info.plist;
				INSTALL_PATH = "$(HOME)/Applications";
				LIBRARY_SEARCH_PATHS = "";
				OTHER_CFLAGS = "";
				OTHER_LDFLAGS = "-framework SDL -framework Foundation -framework AppKit -framework OpenGL -framework GLUT";
				PRODUCT_NAME = scourge;
				SECTORDER_FLAGS = "";
				WARNING_CFLAGS = "-Wmost -Wno-four-char-constants -Wno-unknown-pragmas";
				WRAPPER_EXTENSION = app;
			};
			dependencies = (
			);
			isa = PBXNativeTarget;
			name = scourge;
			productInstallPath = "$(HOME)/Applications";
			productName = scourge;
			productReference = 8D1107320486CEB800E47090;
			productType = "com.apple.product-type.application";
		};
		8D1107270486CEB800E47090 = {
			buildActionMask = 2147483647;
			files = (
				8D1107280486CEB800E47090,
				7674A62805D5F9B600A583B9,
				7674A62A05D5F9B600A583B9,
				7674A62C05D5F9B600A583B9,
				7674A62E05D5F9B600A583B9,
				7674A63005D5F9B600A583B9,
				7674A63205D5F9B600A583B9,
				7674A63405D5F9B600A583B9,
				7674A63805D5F9B600A583B9,
				7674A63A05D5F9B600A583B9,
				7674A63C05D5F9B600A583B9,
				7674A63F05D5F9B600A583B9,
				7674A64105D5F9B600A583B9,
				7674A64305D5F9B600A583B9,
				7674A64505D5F9B600A583B9,
				7674A64705D5F9B600A583B9,
				7674A64905D5F9B600A583B9,
				7674A64B05D5F9B600A583B9,
				7674A64D05D5F9B600A583B9,
				7674A64F05D5F9B600A583B9,
				7674A65105D5F9B600A583B9,
				7674A65305D5F9B600A583B9,
				7674A65505D5F9B600A583B9,
				7674A88805D5FE5900A583B9,
				7625A9DF05F46B48005D9F4F,
				7625A9E105F46B48005D9F4F,
				7625AA0105F46C45005D9F4F,
				7656957606274E30002205AC,
				7656957806274E30002205AC,
				7656957A06274E30002205AC,
				7656958C06274E73002205AC,
				7656958E06274E73002205AC,
				7656959006274E73002205AC,
				765695BF06274F0C002205AC,
				765695C106274F0C002205AC,
				765695C306274F0C002205AC,
				765695C506274F0C002205AC,
				765695C706274F0C002205AC,
				765695C906274F0C002205AC,
				765695CB06274F0C002205AC,
				7625E6EB0628F01E00B46520,
			);
			isa = PBXHeadersBuildPhase;
			runOnlyForDeploymentPostprocessing = 0;
		};
		8D1107280486CEB800E47090 = {
			fileRef = 32CA4F630368D1EE00C91783;
			isa = PBXBuildFile;
			settings = {
			};
		};
		8D1107290486CEB800E47090 = {
			buildActionMask = 2147483647;
			files = (
				7674A88A05D5FE5900A583B9,
				7674A89005D5FED300A583B9,
				763630E905D61253007F401E,
			);
			isa = PBXResourcesBuildPhase;
			runOnlyForDeploymentPostprocessing = 0;
		};
		8D11072C0486CEB800E47090 = {
			buildActionMask = 2147483647;
			files = (
				7674A62705D5F9B600A583B9,
				7674A62905D5F9B600A583B9,
				7674A62B05D5F9B600A583B9,
				7674A62D05D5F9B600A583B9,
				7674A62F05D5F9B600A583B9,
				7674A63105D5F9B600A583B9,
				7674A63305D5F9B600A583B9,
				7674A63705D5F9B600A583B9,
				7674A63905D5F9B600A583B9,
				7674A63B05D5F9B600A583B9,
				7674A63D05D5F9B600A583B9,
				7674A63E05D5F9B600A583B9,
				7674A64005D5F9B600A583B9,
				7674A64205D5F9B600A583B9,
				7674A64405D5F9B600A583B9,
				7674A64605D5F9B600A583B9,
				7674A64805D5F9B600A583B9,
				7674A64A05D5F9B600A583B9,
				7674A64C05D5F9B600A583B9,
				7674A64E05D5F9B600A583B9,
				7674A65005D5F9B600A583B9,
				7674A65205D5F9B600A583B9,
				7674A65405D5F9B600A583B9,
				7674A88905D5FE5900A583B9,
				7625A9DE05F46B48005D9F4F,
				7625AA0005F46C45005D9F4F,
				7656957506274E30002205AC,
				7656957706274E30002205AC,
				7656957906274E30002205AC,
				7656958B06274E73002205AC,
				7656958D06274E73002205AC,
				7656958F06274E73002205AC,
				765695BE06274F0C002205AC,
				765695C006274F0C002205AC,
				765695C206274F0C002205AC,
				765695C406274F0C002205AC,
				765695C606274F0C002205AC,
				765695C806274F0C002205AC,
				765695CA06274F0C002205AC,
				7625E6480628E75F00B46520,
				7625E6EA0628F01E00B46520,
			);
			isa = PBXSourcesBuildPhase;
			runOnlyForDeploymentPostprocessing = 0;
		};
		8D11072E0486CEB800E47090 = {
			buildActionMask = 2147483647;
			files = (
				8D11072F0486CEB800E47090,
				7674A65A05D5F9EB00A583B9,
				7674A65B05D5F9EB00A583B9,
				7674A68505D5FA1600A583B9,
			);
			isa = PBXFrameworksBuildPhase;
			runOnlyForDeploymentPostprocessing = 0;
		};
		8D11072F0486CEB800E47090 = {
			fileRef = 1058C7A1FEA54F0111CA2CBB;
			isa = PBXBuildFile;
			settings = {
			};
		};
		8D1107320486CEB800E47090 = {
			explicitFileType = wrapper.application;
			includeInIndex = 0;
			isa = PBXFileReference;
			path = scourge.app;
			refType = 3;
			sourceTree = BUILT_PRODUCTS_DIR;
		};
	};
	rootObject = 29B97313FDCFA39411CA2CEA;
}
